
Microsoft Visual Studio Solution File, Format Version 9.00
# Visual Studio 2005
Project("{8BC9CEB8-8B4A-11D0-8D11-00A0C91BC942}") = "kernel", "kernel\kernel.vcproj", "{4E265089-FF11-4B4E-B0DA-7BFDEE750F9F}"
	ProjectSection(ProjectDependencies) = postProject
		{48C1C762-90EE-4DD3-9909-4D107183D90F} = {48C1C762-90EE-4DD3-9909-4D107183D90F}
		{005F915C-B7B1-4448-AC1D-A99336E67078} = {005F915C-B7B1-4448-AC1D-A99336E67078}
		{54BD1798-9070-4080-939E-7CFCC7AECE12} = {54BD1798-9070-4080-939E-7CFCC7AECE12}
		{35DF7EFC-3789-4131-9242-58584C0F6A9B} = {35DF7EFC-3789-4131-9242-58584C0F6A9B}
	EndProjectSection
EndProject
Project("{8BC9CEB8-8B4A-11D0-8D11-00A0C91BC942}") = "xpdf", "xpdf\xpdf.vcproj", "{005F915C-B7B1-4448-AC1D-A99336E67078}"
EndProject
Project("{8BC9CEB8-8B4A-11D0-8D11-00A0C91BC942}") = "gui", "gui\gui.vcproj", "{D777A696-283C-3830-891F-637C32B0BCEA}"
	GlobalSection(Qt) = preSolution
		Integration = True
	EndGlobalSection
	ProjectSection(ProjectDependencies) = postProject
		{4E265089-FF11-4B4E-B0DA-7BFDEE750F9F} = {4E265089-FF11-4B4E-B0DA-7BFDEE750F9F}
	EndProjectSection
EndProject
Project("{2150E333-8FDC-42A3-9474-1A3956D46DE8}") = "configure", "configure", "{331982B0-DFD5-4DF0-AD05-A239B9FB4D0F}"
EndProject
Project("{2150E333-8FDC-42A3-9474-1A3956D46DE8}") = "addons", "addons", "{39673133-1663-48C4-B90E-07A1F1C51718}"
EndProject
Project("{8BC9CEB8-8B4A-11D0-8D11-00A0C91BC942}") = "test_cppunit", "other\test_cppunit\test_cppunit.vcproj", "{54BD1798-9070-4080-939E-7CFCC7AECE12}"
EndProject
Project("{8BC9CEB8-8B4A-11D0-8D11-00A0C91BC942}") = "pdftops", "other\pdftops\pdftops.vcproj", "{30B3E720-FD92-47C5-940B-9E5CB0213F12}"
	ProjectSection(ProjectDependencies) = postProject
		{005F915C-B7B1-4448-AC1D-A99336E67078} = {005F915C-B7B1-4448-AC1D-A99336E67078}
	EndProjectSection
EndProject
Project("{8BC9CEB8-8B4A-11D0-8D11-00A0C91BC942}") = "test_boost", "other\test_boost\test_boost.vcproj", "{35DF7EFC-3789-4131-9242-58584C0F6A9B}"
EndProject
Project("{8BC9CEB8-8B4A-11D0-8D11-00A0C91BC942}") = "test_zlib", "other\test_zlib\test_zlib.vcproj", "{48C1C762-90EE-4DD3-9909-4D107183D90F}"
EndProject
Project("{8BC9CEB8-8B4A-11D0-8D11-00A0C91BC942}") = "diplaycs", "other\diplaycs\diplaycs.vcproj", "{F4B0B7E4-A405-4EB1-A74F-0765181FE3BC}"
	ProjectSection(ProjectDependencies) = postProject
		{005F915C-B7B1-4448-AC1D-A99336E67078} = {005F915C-B7B1-4448-AC1D-A99336E67078}
		{4E265089-FF11-4B4E-B0DA-7BFDEE750F9F} = {4E265089-FF11-4B4E-B0DA-7BFDEE750F9F}
	EndProjectSection
EndProject
Project("{8BC9CEB8-8B4A-11D0-8D11-00A0C91BC942}") = "pagemetrics", "other\pagemetrics\pagemetrics.vcproj", "{53AB2768-6F97-4420-B7CF-2664AC43AE6D}"
EndProject
Global
	GlobalSection(SolutionConfigurationPlatforms) = preSolution
		Debug|Win32 = Debug|Win32
		Debug-Tests|Win32 = Debug-Tests|Win32
		Debug-Tools (testing)|Win32 = Debug-Tools (testing)|Win32
		Release|Win32 = Release|Win32
	EndGlobalSection
	GlobalSection(ProjectConfigurationPlatforms) = postSolution
		{4E265089-FF11-4B4E-B0DA-7BFDEE750F9F}.Debug|Win32.ActiveCfg = Debug|Win32
		{4E265089-FF11-4B4E-B0DA-7BFDEE750F9F}.Debug|Win32.Build.0 = Debug|Win32
		{4E265089-FF11-4B4E-B0DA-7BFDEE750F9F}.Debug-Tests|Win32.ActiveCfg = Debug-Tests|Win32
		{4E265089-FF11-4B4E-B0DA-7BFDEE750F9F}.Debug-Tests|Win32.Build.0 = Debug-Tests|Win32
		{4E265089-FF11-4B4E-B0DA-7BFDEE750F9F}.Debug-Tools (testing)|Win32.ActiveCfg = Debug-Tools (testing)|Win32
		{4E265089-FF11-4B4E-B0DA-7BFDEE750F9F}.Debug-Tools (testing)|Win32.Build.0 = Debug-Tools (testing)|Win32
		{4E265089-FF11-4B4E-B0DA-7BFDEE750F9F}.Release|Win32.ActiveCfg = Release|Win32
		{4E265089-FF11-4B4E-B0DA-7BFDEE750F9F}.Release|Win32.Build.0 = Release|Win32
		{005F915C-B7B1-4448-AC1D-A99336E67078}.Debug|Win32.ActiveCfg = Debug|Win32
		{005F915C-B7B1-4448-AC1D-A99336E67078}.Debug|Win32.Build.0 = Debug|Win32
		{005F915C-B7B1-4448-AC1D-A99336E67078}.Debug-Tests|Win32.ActiveCfg = Debug|Win32
		{005F915C-B7B1-4448-AC1D-A99336E67078}.Debug-Tests|Win32.Build.0 = Debug|Win32
		{005F915C-B7B1-4448-AC1D-A99336E67078}.Debug-Tools (testing)|Win32.ActiveCfg = Debug-Tools (testing)|Win32
		{005F915C-B7B1-4448-AC1D-A99336E67078}.Debug-Tools (testing)|Win32.Build.0 = Debug-Tools (testing)|Win32
		{005F915C-B7B1-4448-AC1D-A99336E67078}.Release|Win32.ActiveCfg = Release|Win32
		{005F915C-B7B1-4448-AC1D-A99336E67078}.Release|Win32.Build.0 = Release|Win32
		{D777A696-283C-3830-891F-637C32B0BCEA}.Debug|Win32.ActiveCfg = Debug|Win32
		{D777A696-283C-3830-891F-637C32B0BCEA}.Debug-Tests|Win32.ActiveCfg = Debug|Win32
		{D777A696-283C-3830-891F-637C32B0BCEA}.Debug-Tools (testing)|Win32.ActiveCfg = Debug-Tools (testing)|Win32
		{D777A696-283C-3830-891F-637C32B0BCEA}.Release|Win32.ActiveCfg = Release|Win32
		{D777A696-283C-3830-891F-637C32B0BCEA}.Release|Win32.Build.0 = Release|Win32
		{54BD1798-9070-4080-939E-7CFCC7AECE12}.Debug|Win32.ActiveCfg = Debug|Win32
		{54BD1798-9070-4080-939E-7CFCC7AECE12}.Debug-Tests|Win32.ActiveCfg = Debug|Win32
		{54BD1798-9070-4080-939E-7CFCC7AECE12}.Debug-Tests|Win32.Build.0 = Debug|Win32
		{54BD1798-9070-4080-939E-7CFCC7AECE12}.Debug-Tools (testing)|Win32.ActiveCfg = Debug-Tools (testing)|Win32
		{54BD1798-9070-4080-939E-7CFCC7AECE12}.Release|Win32.ActiveCfg = Release|Win32
		{30B3E720-FD92-47C5-940B-9E5CB0213F12}.Debug|Win32.ActiveCfg = Debug|Win32
		{30B3E720-FD92-47C5-940B-9E5CB0213F12}.Debug|Win32.Build.0 = Debug|Win32
		{30B3E720-FD92-47C5-940B-9E5CB0213F12}.Debug-Tests|Win32.ActiveCfg = Debug|Win32
		{30B3E720-FD92-47C5-940B-9E5CB0213F12}.Debug-Tools (testing)|Win32.ActiveCfg = Debug-Tools (testing)|Win32
		{30B3E720-FD92-47C5-940B-9E5CB0213F12}.Release|Win32.ActiveCfg = Release|Win32
		{30B3E720-FD92-47C5-940B-9E5CB0213F12}.Release|Win32.Build.0 = Release|Win32
		{35DF7EFC-3789-4131-9242-58584C0F6A9B}.Debug|Win32.ActiveCfg = Debug|Win32
		{35DF7EFC-3789-4131-9242-58584C0F6A9B}.Debug-Tests|Win32.ActiveCfg = Debug|Win32
		{35DF7EFC-3789-4131-9242-58584C0F6A9B}.Debug-Tests|Win32.Build.0 = Debug|Win32
		{35DF7EFC-3789-4131-9242-58584C0F6A9B}.Debug-Tools (testing)|Win32.ActiveCfg = Debug-Tools (testing)|Win32
		{35DF7EFC-3789-4131-9242-58584C0F6A9B}.Release|Win32.ActiveCfg = Release|Win32
		{48C1C762-90EE-4DD3-9909-4D107183D90F}.Debug|Win32.ActiveCfg = Debug|Win32
		{48C1C762-90EE-4DD3-9909-4D107183D90F}.Debug|Win32.Build.0 = Debug|Win32
		{48C1C762-90EE-4DD3-9909-4D107183D90F}.Debug-Tests|Win32.ActiveCfg = Debug|Win32
		{48C1C762-90EE-4DD3-9909-4D107183D90F}.Debug-Tests|Win32.Build.0 = Debug|Win32
		{48C1C762-90EE-4DD3-9909-4D107183D90F}.Debug-Tools (testing)|Win32.ActiveCfg = Debug-Tools (testing)|Win32
		{48C1C762-90EE-4DD3-9909-4D107183D90F}.Release|Win32.ActiveCfg = Release|Win32
		{48C1C762-90EE-4DD3-9909-4D107183D90F}.Release|Win32.Build.0 = Release|Win32
		{F4B0B7E4-A405-4EB1-A74F-0765181FE3BC}.Debug|Win32.ActiveCfg = Debug|Win32
		{F4B0B7E4-A405-4EB1-A74F-0765181FE3BC}.Debug|Win32.Build.0 = Debug|Win32
		{F4B0B7E4-A405-4EB1-A74F-0765181FE3BC}.Debug-Tests|Win32.ActiveCfg = Debug|Win32
		{F4B0B7E4-A405-4EB1-A74F-0765181FE3BC}.Debug-Tools (testing)|Win32.ActiveCfg = Debug-Tools (testing)|Win32
		{F4B0B7E4-A405-4EB1-A74F-0765181FE3BC}.Release|Win32.ActiveCfg = Release|Win32
		{F4B0B7E4-A405-4EB1-A74F-0765181FE3BC}.Release|Win32.Build.0 = Release|Win32
		{53AB2768-6F97-4420-B7CF-2664AC43AE6D}.Debug|Win32.ActiveCfg = Debug|Win32
		{53AB2768-6F97-4420-B7CF-2664AC43AE6D}.Debug|Win32.Build.0 = Debug|Win32
		{53AB2768-6F97-4420-B7CF-2664AC43AE6D}.Debug-Tests|Win32.ActiveCfg = Debug-Tools (testing)|Win32
		{53AB2768-6F97-4420-B7CF-2664AC43AE6D}.Debug-Tools (testing)|Win32.ActiveCfg = Debug-Tools (testing)|Win32
		{53AB2768-6F97-4420-B7CF-2664AC43AE6D}.Release|Win32.ActiveCfg = Release|Win32
		{53AB2768-6F97-4420-B7CF-2664AC43AE6D}.Release|Win32.Build.0 = Release|Win32
	EndGlobalSection
	GlobalSection(SolutionProperties) = preSolution
		HideSolutionNode = FALSE
	EndGlobalSection
	GlobalSection(NestedProjects) = preSolution
		{54BD1798-9070-4080-939E-7CFCC7AECE12} = {331982B0-DFD5-4DF0-AD05-A239B9FB4D0F}
		{35DF7EFC-3789-4131-9242-58584C0F6A9B} = {331982B0-DFD5-4DF0-AD05-A239B9FB4D0F}
		{48C1C762-90EE-4DD3-9909-4D107183D90F} = {331982B0-DFD5-4DF0-AD05-A239B9FB4D0F}
		{30B3E720-FD92-47C5-940B-9E5CB0213F12} = {39673133-1663-48C4-B90E-07A1F1C51718}
		{F4B0B7E4-A405-4EB1-A74F-0765181FE3BC} = {39673133-1663-48C4-B90E-07A1F1C51718}
		{53AB2768-6F97-4420-B7CF-2664AC43AE6D} = {39673133-1663-48C4-B90E-07A1F1C51718}
	EndGlobalSection
EndGlobal
