
Microsoft Visual Studio Solution File, Format Version 9.00
# Visual Studio 2005
Project("{8BC9CEB8-8B4A-11D0-8D11-00A0C91BC942}") = "kernel", "kernel\kernel.vcproj", "{4E265089-FF11-4B4E-B0DA-7BFDEE750F9F}"
	GlobalSection(Qt) = preSolution
		Integration = True
	EndGlobalSection
	ProjectSection(ProjectDependencies) = postProject
		{005F915C-B7B1-4448-AC1D-A99336E67078} = {005F915C-B7B1-4448-AC1D-A99336E67078}
	EndProjectSection
EndProject
Project("{8BC9CEB8-8B4A-11D0-8D11-00A0C91BC942}") = "xpdf", "xpdf\xpdf.vcproj", "{005F915C-B7B1-4448-AC1D-A99336E67078}"
	GlobalSection(Qt) = preSolution
		Integration = True
	EndGlobalSection
EndProject
Project("{8BC9CEB8-8B4A-11D0-8D11-00A0C91BC942}") = "pdftops", "pdftops\pdftops.vcproj", "{30B3E720-FD92-47C5-940B-9E5CB0213F12}"
	GlobalSection(Qt) = preSolution
		Integration = True
	EndGlobalSection
	ProjectSection(ProjectDependencies) = postProject
		{005F915C-B7B1-4448-AC1D-A99336E67078} = {005F915C-B7B1-4448-AC1D-A99336E67078}
	EndProjectSection
EndProject
Project("{8BC9CEB8-8B4A-11D0-8D11-00A0C91BC942}") = "gui", "gui\gui.vcproj", "{D777A696-283C-3830-891F-637C32B0BCEA}"
	GlobalSection(Qt) = preSolution
		Integration = True
	EndGlobalSection
	ProjectSection(ProjectDependencies) = postProject
		{4E265089-FF11-4B4E-B0DA-7BFDEE750F9F} = {4E265089-FF11-4B4E-B0DA-7BFDEE750F9F}
		{270837CC-0371-3350-9103-D26CA5AB3C67} = {270837CC-0371-3350-9103-D26CA5AB3C67}
	EndProjectSection
EndProject
Project("{8BC9CEB8-8B4A-11D0-8D11-00A0C91BC942}") = "qsa", "qsa\qsa-qt4.vcproj", "{270837CC-0371-3350-9103-D26CA5AB3C67}"
	GlobalSection(Qt) = preSolution
		Integration = True
	EndGlobalSection
EndProject
Global
	GlobalSection(Qt) = preSolution
		Integration = True
	EndGlobalSection
	GlobalSection(SolutionConfigurationPlatforms) = preSolution
		Debug|Win32 = Debug|Win32
		Debug-Tests|Win32 = Debug-Tests|Win32
		Release|Win32 = Release|Win32
	EndGlobalSection
	GlobalSection(ProjectConfigurationPlatforms) = postSolution
		{4E265089-FF11-4B4E-B0DA-7BFDEE750F9F}.Debug|Win32.ActiveCfg = Debug|Win32
		{4E265089-FF11-4B4E-B0DA-7BFDEE750F9F}.Debug|Win32.Build.0 = Debug|Win32
		{4E265089-FF11-4B4E-B0DA-7BFDEE750F9F}.Debug-Tests|Win32.ActiveCfg = Debug-Tests|Win32
		{4E265089-FF11-4B4E-B0DA-7BFDEE750F9F}.Debug-Tests|Win32.Build.0 = Debug-Tests|Win32
		{4E265089-FF11-4B4E-B0DA-7BFDEE750F9F}.Release|Win32.ActiveCfg = Release|Win32
		{4E265089-FF11-4B4E-B0DA-7BFDEE750F9F}.Release|Win32.Build.0 = Release|Win32
		{005F915C-B7B1-4448-AC1D-A99336E67078}.Debug|Win32.ActiveCfg = Debug|Win32
		{005F915C-B7B1-4448-AC1D-A99336E67078}.Debug|Win32.Build.0 = Debug|Win32
		{005F915C-B7B1-4448-AC1D-A99336E67078}.Debug-Tests|Win32.ActiveCfg = Debug|Win32
		{005F915C-B7B1-4448-AC1D-A99336E67078}.Debug-Tests|Win32.Build.0 = Debug|Win32
		{005F915C-B7B1-4448-AC1D-A99336E67078}.Release|Win32.ActiveCfg = Release|Win32
		{005F915C-B7B1-4448-AC1D-A99336E67078}.Release|Win32.Build.0 = Release|Win32
		{30B3E720-FD92-47C5-940B-9E5CB0213F12}.Debug|Win32.ActiveCfg = Debug|Win32
		{30B3E720-FD92-47C5-940B-9E5CB0213F12}.Debug-Tests|Win32.ActiveCfg = Debug|Win32
		{30B3E720-FD92-47C5-940B-9E5CB0213F12}.Release|Win32.ActiveCfg = Release|Win32
		{D777A696-283C-3830-891F-637C32B0BCEA}.Debug|Win32.ActiveCfg = Debug|Win32
		{D777A696-283C-3830-891F-637C32B0BCEA}.Debug|Win32.Build.0 = Debug|Win32
		{D777A696-283C-3830-891F-637C32B0BCEA}.Debug-Tests|Win32.ActiveCfg = Debug|Win32
		{D777A696-283C-3830-891F-637C32B0BCEA}.Release|Win32.ActiveCfg = Release|Win32
		{D777A696-283C-3830-891F-637C32B0BCEA}.Release|Win32.Build.0 = Release|Win32
		{270837CC-0371-3350-9103-D26CA5AB3C67}.Debug|Win32.ActiveCfg = Debug|Win32
		{270837CC-0371-3350-9103-D26CA5AB3C67}.Debug|Win32.Build.0 = Debug|Win32
		{270837CC-0371-3350-9103-D26CA5AB3C67}.Debug-Tests|Win32.ActiveCfg = Debug|Win32
		{270837CC-0371-3350-9103-D26CA5AB3C67}.Release|Win32.ActiveCfg = Release|Win32
		{270837CC-0371-3350-9103-D26CA5AB3C67}.Release|Win32.Build.0 = Release|Win32
	EndGlobalSection
	GlobalSection(SolutionProperties) = preSolution
		HideSolutionNode = FALSE
	EndGlobalSection
EndGlobal
