Microsoft Visual Studio Solution File, Format Version 10.00
# Visual Studio 2008
Project("{2150E333-8FDC-42A3-9474-1A3956D46DE8}") = "configure", "configure", "{331982B0-DFD5-4DF0-AD05-A239B9FB4D0F}"
EndProject
Project("{2150E333-8FDC-42A3-9474-1A3956D46DE8}") = "tests", "tests", "{39673133-1663-48C4-B90E-07A1F1C51718}"
EndProject
Project("{8BC9CEB8-8B4A-11D0-8D11-00A0C91BC942}") = "pdfedit-kernel", "kernel\kernel.vcproj", "{4E265089-FF11-4B4E-B0DA-7BFDEE750F9F}"
	ProjectSection(ProjectDependencies) = postProject
		{005F915C-B7B1-4448-AC1D-A99336E67078} = {005F915C-B7B1-4448-AC1D-A99336E67078}
		{48C1C762-90EE-4DD3-9909-4D107183D90F} = {48C1C762-90EE-4DD3-9909-4D107183D90F}
		{54BD1798-9070-4080-939E-7CFCC7AECE12} = {54BD1798-9070-4080-939E-7CFCC7AECE12}
		{35DF7EFC-3789-4131-9242-58584C0F6A9B} = {35DF7EFC-3789-4131-9242-58584C0F6A9B}
	EndProjectSection
EndProject
Project("{8BC9CEB8-8B4A-11D0-8D11-00A0C91BC942}") = "xpdf", "xpdf\xpdf.vcproj", "{005F915C-B7B1-4448-AC1D-A99336E67078}"
	ProjectSection(ProjectDependencies) = postProject
		{36C203E2-1178-496C-A2FC-C120ED9336C9} = {36C203E2-1178-496C-A2FC-C120ED9336C9}
	EndProjectSection
EndProject
Project("{8BC9CEB8-8B4A-11D0-8D11-00A0C91BC942}") = "gui", "gui\gui.vcproj", "{D777A696-283C-3830-891F-637C32B0BCEA}"
	ProjectSection(ProjectDependencies) = postProject
		{4E265089-FF11-4B4E-B0DA-7BFDEE750F9F} = {4E265089-FF11-4B4E-B0DA-7BFDEE750F9F}
	EndProjectSection
EndProject
Project("{8BC9CEB8-8B4A-11D0-8D11-00A0C91BC942}") = "test_cppunit", "other\test_cppunit\test_cppunit.vcproj", "{54BD1798-9070-4080-939E-7CFCC7AECE12}"
EndProject
Project("{8BC9CEB8-8B4A-11D0-8D11-00A0C91BC942}") = "test_boost", "other\test_boost\test_boost.vcproj", "{35DF7EFC-3789-4131-9242-58584C0F6A9B}"
EndProject
Project("{8BC9CEB8-8B4A-11D0-8D11-00A0C91BC942}") = "test_zlib", "other\test_zlib\test_zlib.vcproj", "{48C1C762-90EE-4DD3-9909-4D107183D90F}"
EndProject
Project("{2150E333-8FDC-42A3-9474-1A3956D46DE8}") = "kernel", "kernel", "{832F94EF-8501-4E61-B7D0-D5C24A46E880}"
EndProject
Project("{2150E333-8FDC-42A3-9474-1A3956D46DE8}") = "gui", "gui", "{4A9460F7-22CA-4C22-A086-59FDBCBC3B7A}"
EndProject
Project("{8BC9CEB8-8B4A-11D0-8D11-00A0C91BC942}") = "tests", "tests\tests.vcproj", "{4E265089-FF11-4B4E-B0DA-7BFDEE750F93}"
	ProjectSection(ProjectDependencies) = postProject
		{4E265089-FF11-4B4E-B0DA-7BFDEE750F9F} = {4E265089-FF11-4B4E-B0DA-7BFDEE750F9F}
	EndProjectSection
EndProject
Project("{2150E333-8FDC-42A3-9474-1A3956D46DE8}") = "tools", "tools", "{FDAFCA11-7840-4D0C-BDD5-B079491F0E71}"
EndProject
Project("{8BC9CEB8-8B4A-11D0-8D11-00A0C91BC942}") = "displaycs", "tools\displaycs.vcproj", "{F4B0B7E4-A405-4EB1-A74F-765181FE3BE0}"
	ProjectSection(ProjectDependencies) = postProject
		{4E265089-FF11-4B4E-B0DA-7BFDEE750F9F} = {4E265089-FF11-4B4E-B0DA-7BFDEE750F9F}
	EndProjectSection
EndProject
Project("{8BC9CEB8-8B4A-11D0-8D11-00A0C91BC942}") = "parse_object", "tools\parse_object.vcproj", "{F4B0B7E4-A405-4EB1-A74F-765181FE3BE4}"
	ProjectSection(ProjectDependencies) = postProject
		{4E265089-FF11-4B4E-B0DA-7BFDEE750F9F} = {4E265089-FF11-4B4E-B0DA-7BFDEE750F9F}
	EndProjectSection
EndProject
Project("{8BC9CEB8-8B4A-11D0-8D11-00A0C91BC942}") = "flattener", "tools\flattener.vcproj", "{F4B0B7E4-A405-4EB1-A74F-765181FE3BE2}"
	ProjectSection(ProjectDependencies) = postProject
		{4E265089-FF11-4B4E-B0DA-7BFDEE750F9F} = {4E265089-FF11-4B4E-B0DA-7BFDEE750F9F}
	EndProjectSection
EndProject
Project("{8BC9CEB8-8B4A-11D0-8D11-00A0C91BC942}") = "pdf_page_from_ref", "tools\pdf_page_from_ref.vcproj", "{F4B0B7E4-A405-4EB1-A74F-765181FE3BE7}"
	ProjectSection(ProjectDependencies) = postProject
		{4E265089-FF11-4B4E-B0DA-7BFDEE750F9F} = {4E265089-FF11-4B4E-B0DA-7BFDEE750F9F}
	EndProjectSection
EndProject
Project("{8BC9CEB8-8B4A-11D0-8D11-00A0C91BC942}") = "pdf_object_comparer", "tools\pdf_object_comparer.vcproj", "{F4B0B7E4-A405-4EB1-A74F-765181FE3BE5}"
	ProjectSection(ProjectDependencies) = postProject
		{4E265089-FF11-4B4E-B0DA-7BFDEE750F9F} = {4E265089-FF11-4B4E-B0DA-7BFDEE750F9F}
	EndProjectSection
EndProject
Project("{8BC9CEB8-8B4A-11D0-8D11-00A0C91BC942}") = "replace_text", "tools\replace_text.vcproj", "{F4B0B7E4-A405-4EB1-A74F-765181FE3BE9}"
	ProjectSection(ProjectDependencies) = postProject
		{4E265089-FF11-4B4E-B0DA-7BFDEE750F9F} = {4E265089-FF11-4B4E-B0DA-7BFDEE750F9F}
	EndProjectSection
EndProject
Project("{8BC9CEB8-8B4A-11D0-8D11-00A0C91BC942}") = "pdf_object_printer", "tools\pdf_object_printer.vcproj", "{F4B0B7E4-A405-4EB1-A74F-765181FE3BE6}"
	ProjectSection(ProjectDependencies) = postProject
		{4E265089-FF11-4B4E-B0DA-7BFDEE750F9F} = {4E265089-FF11-4B4E-B0DA-7BFDEE750F9F}
	EndProjectSection
EndProject
Project("{8BC9CEB8-8B4A-11D0-8D11-00A0C91BC942}") = "delinearizator", "tools\delinearizator.vcproj", "{F4B0B7E4-A405-4EB1-A74F-765181FE3BE1}"
	ProjectSection(ProjectDependencies) = postProject
		{4E265089-FF11-4B4E-B0DA-7BFDEE750F9F} = {4E265089-FF11-4B4E-B0DA-7BFDEE750F9F}
	EndProjectSection
EndProject
Project("{8BC9CEB8-8B4A-11D0-8D11-00A0C91BC942}") = "pdf_page_to_ref", "tools\pdf_page_to_ref.vcproj", "{F4B0B7E4-A405-4EB1-A74F-765181FE3BE8}"
	ProjectSection(ProjectDependencies) = postProject
		{4E265089-FF11-4B4E-B0DA-7BFDEE750F9F} = {4E265089-FF11-4B4E-B0DA-7BFDEE750F9F}
	EndProjectSection
EndProject
Project("{8BC9CEB8-8B4A-11D0-8D11-00A0C91BC942}") = "pagemetrics", "tools\pagemetrics.vcproj", "{F4B0B7E4-A405-4EB1-A74F-765181FE3BE3}"
	ProjectSection(ProjectDependencies) = postProject
		{4E265089-FF11-4B4E-B0DA-7BFDEE750F9F} = {4E265089-FF11-4B4E-B0DA-7BFDEE750F9F}
	EndProjectSection
EndProject
Project("{8BC9CEB8-8B4A-11D0-8D11-00A0C91BC942}") = "add_text", "tools\add_text.vcproj", "{F4B0B7E4-A405-4EB1-A74F-765181FE3BEA}"
	ProjectSection(ProjectDependencies) = postProject
		{4E265089-FF11-4B4E-B0DA-7BFDEE750F9F} = {4E265089-FF11-4B4E-B0DA-7BFDEE750F9F}
	EndProjectSection
EndProject
Project("{8BC9CEB8-8B4A-11D0-8D11-00A0C91BC942}") = "pdf_to_text", "tools\pdf_to_text.vcproj", "{F4B0B7E4-A405-4EB1-A74F-765181FE3BEB}"
	ProjectSection(ProjectDependencies) = postProject
		{4E265089-FF11-4B4E-B0DA-7BFDEE750F9F} = {4E265089-FF11-4B4E-B0DA-7BFDEE750F9F}
	EndProjectSection
EndProject
Project("{8BC9CEB8-8B4A-11D0-8D11-00A0C91BC942}") = "test_freetype2", "other\test_freetype2\test_freetype2.vcproj", "{36C203E2-1178-496C-A2FC-C120ED9336C9}"
EndProject
Project("{8BC9CEB8-8B4A-11D0-8D11-00A0C91BC942}") = "gui.win32", "gui\gui.win32.vcproj", "{1508D425-024A-4DB1-9B35-5F6268DC1004}"
	ProjectSection(ProjectDependencies) = postProject
		{005F915C-B7B1-4448-AC1D-A99336E67078} = {005F915C-B7B1-4448-AC1D-A99336E67078}
		{4E265089-FF11-4B4E-B0DA-7BFDEE750F9F} = {4E265089-FF11-4B4E-B0DA-7BFDEE750F9F}
	EndProjectSection
EndProject
Project("{2150E333-8FDC-42A3-9474-1A3956D46DE8}") = "install", "install", "{B994C464-BAA4-4999-8119-983F4820C43A}"
EndProject
Project("{8BC9CEB8-8B4A-11D0-8D11-00A0C91BC942}") = "gui.installer", "packaging\gui.installer\gui.installer.vcproj", "{088C2B96-D9DB-4160-A491-67CB1F78898C}"
EndProject
Project("{8BC9CEB8-8B4A-11D0-8D11-00A0C91BC942}") = "pdf_to_bmp", "tools\pdf_to_bmp.vcproj", "{F4B0B7E4-A405-4EB1-A74F-765181FE3BEC}"
	ProjectSection(ProjectDependencies) = postProject
		{4E265089-FF11-4B4E-B0DA-7BFDEE750F9F} = {4E265089-FF11-4B4E-B0DA-7BFDEE750F9F}
	EndProjectSection
EndProject
Project("{8BC9CEB8-8B4A-11D0-8D11-00A0C91BC942}") = "add_image", "tools\add_image.vcproj", "{F4B0B7E4-A405-4EB1-A74F-765181FE3BED}"
	ProjectSection(ProjectDependencies) = postProject
		{4E265089-FF11-4B4E-B0DA-7BFDEE750F9F} = {4E265089-FF11-4B4E-B0DA-7BFDEE750F9F}
	EndProjectSection
EndProject
Project("{8BC9CEB8-8B4A-11D0-8D11-00A0C91BC942}") = "pdf_images", "tools\pdf_images.vcproj", "{F4B0B7E4-A405-4EB1-A74F-765181FE3BEE}"
	ProjectSection(ProjectDependencies) = postProject
		{4E265089-FF11-4B4E-B0DA-7BFDEE750F9F} = {4E265089-FF11-4B4E-B0DA-7BFDEE750F9F}
	EndProjectSection
EndProject
Global
	GlobalSection(SolutionConfigurationPlatforms) = preSolution
		Debug|Win32 = Debug|Win32
		Debug|WINCESDK_600 (ARMV4I) = Debug|WINCESDK_600 (ARMV4I)
		Debug-Tests|Win32 = Debug-Tests|Win32
		Debug-Tests|WINCESDK_600 (ARMV4I) = Debug-Tests|WINCESDK_600 (ARMV4I)
		Debug-Tools|Win32 = Debug-Tools|Win32
		Debug-Tools|WINCESDK_600 (ARMV4I) = Debug-Tools|WINCESDK_600 (ARMV4I)
		Debug-Win32Gui|Win32 = Debug-Win32Gui|Win32
		Debug-Win32Gui|WINCESDK_600 (ARMV4I) = Debug-Win32Gui|WINCESDK_600 (ARMV4I)
		Release|Win32 = Release|Win32
		Release|WINCESDK_600 (ARMV4I) = Release|WINCESDK_600 (ARMV4I)
		Release-Tests|Win32 = Release-Tests|Win32
		Release-Tests|WINCESDK_600 (ARMV4I) = Release-Tests|WINCESDK_600 (ARMV4I)
		Release-Tools|Win32 = Release-Tools|Win32
		Release-Tools|WINCESDK_600 (ARMV4I) = Release-Tools|WINCESDK_600 (ARMV4I)
	EndGlobalSection
	GlobalSection(ProjectConfigurationPlatforms) = postSolution
		{4E265089-FF11-4B4E-B0DA-7BFDEE750F9F}.Debug|Win32.ActiveCfg = Debug|Win32
		{4E265089-FF11-4B4E-B0DA-7BFDEE750F9F}.Debug|Win32.Build.0 = Debug|Win32
		{4E265089-FF11-4B4E-B0DA-7BFDEE750F9F}.Debug|WINCESDK_600 (ARMV4I).ActiveCfg = Debug|Win32
		{4E265089-FF11-4B4E-B0DA-7BFDEE750F9F}.Debug-Tests|Win32.ActiveCfg = Debug|Win32
		{4E265089-FF11-4B4E-B0DA-7BFDEE750F9F}.Debug-Tests|Win32.Build.0 = Debug|Win32
		{4E265089-FF11-4B4E-B0DA-7BFDEE750F9F}.Debug-Tests|WINCESDK_600 (ARMV4I).ActiveCfg = Debug-Tests|Win32
		{4E265089-FF11-4B4E-B0DA-7BFDEE750F9F}.Debug-Tools|Win32.ActiveCfg = Debug|Win32
		{4E265089-FF11-4B4E-B0DA-7BFDEE750F9F}.Debug-Tools|Win32.Build.0 = Debug|Win32
		{4E265089-FF11-4B4E-B0DA-7BFDEE750F9F}.Debug-Tools|WINCESDK_600 (ARMV4I).ActiveCfg = Debug-Tools (testing)|Win32
		{4E265089-FF11-4B4E-B0DA-7BFDEE750F9F}.Debug-Win32Gui|Win32.ActiveCfg = Debug|Win32
		{4E265089-FF11-4B4E-B0DA-7BFDEE750F9F}.Debug-Win32Gui|Win32.Build.0 = Debug|Win32
		{4E265089-FF11-4B4E-B0DA-7BFDEE750F9F}.Debug-Win32Gui|WINCESDK_600 (ARMV4I).ActiveCfg = Debug-Win32Gui|Win32
		{4E265089-FF11-4B4E-B0DA-7BFDEE750F9F}.Release|Win32.ActiveCfg = Release|Win32
		{4E265089-FF11-4B4E-B0DA-7BFDEE750F9F}.Release|Win32.Build.0 = Release|Win32
		{4E265089-FF11-4B4E-B0DA-7BFDEE750F9F}.Release|WINCESDK_600 (ARMV4I).ActiveCfg = Release|Win32
		{4E265089-FF11-4B4E-B0DA-7BFDEE750F9F}.Release-Tests|Win32.ActiveCfg = Release|Win32
		{4E265089-FF11-4B4E-B0DA-7BFDEE750F9F}.Release-Tests|Win32.Build.0 = Release|Win32
		{4E265089-FF11-4B4E-B0DA-7BFDEE750F9F}.Release-Tests|WINCESDK_600 (ARMV4I).ActiveCfg = Release-Tests|Win32
		{4E265089-FF11-4B4E-B0DA-7BFDEE750F9F}.Release-Tools|Win32.ActiveCfg = Release|Win32
		{4E265089-FF11-4B4E-B0DA-7BFDEE750F9F}.Release-Tools|Win32.Build.0 = Release|Win32
		{4E265089-FF11-4B4E-B0DA-7BFDEE750F9F}.Release-Tools|WINCESDK_600 (ARMV4I).ActiveCfg = Debug-Tools (testing)|Win32
		{005F915C-B7B1-4448-AC1D-A99336E67078}.Debug|Win32.ActiveCfg = Debug|Win32
		{005F915C-B7B1-4448-AC1D-A99336E67078}.Debug|Win32.Build.0 = Debug|Win32
		{005F915C-B7B1-4448-AC1D-A99336E67078}.Debug|WINCESDK_600 (ARMV4I).ActiveCfg = Debug|Win32
		{005F915C-B7B1-4448-AC1D-A99336E67078}.Debug-Tests|Win32.ActiveCfg = Debug|Win32
		{005F915C-B7B1-4448-AC1D-A99336E67078}.Debug-Tests|Win32.Build.0 = Debug|Win32
		{005F915C-B7B1-4448-AC1D-A99336E67078}.Debug-Tests|WINCESDK_600 (ARMV4I).ActiveCfg = Debug-Win32Gui|Win32
		{005F915C-B7B1-4448-AC1D-A99336E67078}.Debug-Tools|Win32.ActiveCfg = Debug|Win32
		{005F915C-B7B1-4448-AC1D-A99336E67078}.Debug-Tools|Win32.Build.0 = Debug|Win32
		{005F915C-B7B1-4448-AC1D-A99336E67078}.Debug-Tools|WINCESDK_600 (ARMV4I).ActiveCfg = Debug-Win32Gui|Win32
		{005F915C-B7B1-4448-AC1D-A99336E67078}.Debug-Win32Gui|Win32.ActiveCfg = Debug-Win32Gui|Win32
		{005F915C-B7B1-4448-AC1D-A99336E67078}.Debug-Win32Gui|Win32.Build.0 = Debug-Win32Gui|Win32
		{005F915C-B7B1-4448-AC1D-A99336E67078}.Debug-Win32Gui|WINCESDK_600 (ARMV4I).ActiveCfg = Debug-Win32Gui|Win32
		{005F915C-B7B1-4448-AC1D-A99336E67078}.Release|Win32.ActiveCfg = Release|Win32
		{005F915C-B7B1-4448-AC1D-A99336E67078}.Release|Win32.Build.0 = Release|Win32
		{005F915C-B7B1-4448-AC1D-A99336E67078}.Release|WINCESDK_600 (ARMV4I).ActiveCfg = Release|Win32
		{005F915C-B7B1-4448-AC1D-A99336E67078}.Release-Tests|Win32.ActiveCfg = Release|Win32
		{005F915C-B7B1-4448-AC1D-A99336E67078}.Release-Tests|Win32.Build.0 = Release|Win32
		{005F915C-B7B1-4448-AC1D-A99336E67078}.Release-Tests|WINCESDK_600 (ARMV4I).ActiveCfg = Release|Win32
		{005F915C-B7B1-4448-AC1D-A99336E67078}.Release-Tools|Win32.ActiveCfg = Release|Win32
		{005F915C-B7B1-4448-AC1D-A99336E67078}.Release-Tools|Win32.Build.0 = Release|Win32
		{005F915C-B7B1-4448-AC1D-A99336E67078}.Release-Tools|WINCESDK_600 (ARMV4I).ActiveCfg = Debug-Win32Gui|Win32
		{D777A696-283C-3830-891F-637C32B0BCEA}.Debug|Win32.ActiveCfg = Debug|Win32
		{D777A696-283C-3830-891F-637C32B0BCEA}.Debug|WINCESDK_600 (ARMV4I).ActiveCfg = Debug|Win32
		{D777A696-283C-3830-891F-637C32B0BCEA}.Debug-Tests|Win32.ActiveCfg = Debug|Win32
		{D777A696-283C-3830-891F-637C32B0BCEA}.Debug-Tests|WINCESDK_600 (ARMV4I).ActiveCfg = Debug-Tools (testing)|Win32
		{D777A696-283C-3830-891F-637C32B0BCEA}.Debug-Tools|Win32.ActiveCfg = Debug|Win32
		{D777A696-283C-3830-891F-637C32B0BCEA}.Debug-Tools|WINCESDK_600 (ARMV4I).ActiveCfg = Debug-Tools (testing)|Win32
		{D777A696-283C-3830-891F-637C32B0BCEA}.Debug-Win32Gui|Win32.ActiveCfg = Debug-Win32Gui|Win32
		{D777A696-283C-3830-891F-637C32B0BCEA}.Debug-Win32Gui|WINCESDK_600 (ARMV4I).ActiveCfg = Debug-Win32Gui|Win32
		{D777A696-283C-3830-891F-637C32B0BCEA}.Release|Win32.ActiveCfg = Release|Win32
		{D777A696-283C-3830-891F-637C32B0BCEA}.Release|WINCESDK_600 (ARMV4I).ActiveCfg = Release|Win32
		{D777A696-283C-3830-891F-637C32B0BCEA}.Release-Tests|Win32.ActiveCfg = Release|Win32
		{D777A696-283C-3830-891F-637C32B0BCEA}.Release-Tests|WINCESDK_600 (ARMV4I).ActiveCfg = Release|Win32
		{D777A696-283C-3830-891F-637C32B0BCEA}.Release-Tools|Win32.ActiveCfg = Debug|Win32
		{D777A696-283C-3830-891F-637C32B0BCEA}.Release-Tools|WINCESDK_600 (ARMV4I).ActiveCfg = Debug-Tools (testing)|Win32
		{54BD1798-9070-4080-939E-7CFCC7AECE12}.Debug|Win32.ActiveCfg = Release|Win32
		{54BD1798-9070-4080-939E-7CFCC7AECE12}.Debug|Win32.Build.0 = Release|Win32
		{54BD1798-9070-4080-939E-7CFCC7AECE12}.Debug|WINCESDK_600 (ARMV4I).ActiveCfg = Release|Win32
		{54BD1798-9070-4080-939E-7CFCC7AECE12}.Debug-Tests|Win32.ActiveCfg = Release|Win32
		{54BD1798-9070-4080-939E-7CFCC7AECE12}.Debug-Tests|Win32.Build.0 = Release|Win32
		{54BD1798-9070-4080-939E-7CFCC7AECE12}.Debug-Tests|WINCESDK_600 (ARMV4I).ActiveCfg = Release|Win32
		{54BD1798-9070-4080-939E-7CFCC7AECE12}.Debug-Tools|Win32.ActiveCfg = Release|Win32
		{54BD1798-9070-4080-939E-7CFCC7AECE12}.Debug-Tools|Win32.Build.0 = Release|Win32
		{54BD1798-9070-4080-939E-7CFCC7AECE12}.Debug-Tools|WINCESDK_600 (ARMV4I).ActiveCfg = Release|Win32
		{54BD1798-9070-4080-939E-7CFCC7AECE12}.Debug-Win32Gui|Win32.ActiveCfg = Release|Win32
		{54BD1798-9070-4080-939E-7CFCC7AECE12}.Debug-Win32Gui|Win32.Build.0 = Release|Win32
		{54BD1798-9070-4080-939E-7CFCC7AECE12}.Debug-Win32Gui|WINCESDK_600 (ARMV4I).ActiveCfg = Release|Win32
		{54BD1798-9070-4080-939E-7CFCC7AECE12}.Release|Win32.ActiveCfg = Release|Win32
		{54BD1798-9070-4080-939E-7CFCC7AECE12}.Release|WINCESDK_600 (ARMV4I).ActiveCfg = Release|Win32
		{54BD1798-9070-4080-939E-7CFCC7AECE12}.Release-Tests|Win32.ActiveCfg = Release|Win32
		{54BD1798-9070-4080-939E-7CFCC7AECE12}.Release-Tests|Win32.Build.0 = Release|Win32
		{54BD1798-9070-4080-939E-7CFCC7AECE12}.Release-Tests|WINCESDK_600 (ARMV4I).ActiveCfg = Release|Win32
		{54BD1798-9070-4080-939E-7CFCC7AECE12}.Release-Tools|Win32.ActiveCfg = Release|Win32
		{54BD1798-9070-4080-939E-7CFCC7AECE12}.Release-Tools|Win32.Build.0 = Release|Win32
		{54BD1798-9070-4080-939E-7CFCC7AECE12}.Release-Tools|WINCESDK_600 (ARMV4I).ActiveCfg = Release|Win32
		{35DF7EFC-3789-4131-9242-58584C0F6A9B}.Debug|Win32.ActiveCfg = Release|Win32
		{35DF7EFC-3789-4131-9242-58584C0F6A9B}.Debug|Win32.Build.0 = Release|Win32
		{35DF7EFC-3789-4131-9242-58584C0F6A9B}.Debug|WINCESDK_600 (ARMV4I).ActiveCfg = Release|Win32
		{35DF7EFC-3789-4131-9242-58584C0F6A9B}.Debug-Tests|Win32.ActiveCfg = Release|Win32
		{35DF7EFC-3789-4131-9242-58584C0F6A9B}.Debug-Tests|Win32.Build.0 = Release|Win32
		{35DF7EFC-3789-4131-9242-58584C0F6A9B}.Debug-Tests|WINCESDK_600 (ARMV4I).ActiveCfg = Release|Win32
		{35DF7EFC-3789-4131-9242-58584C0F6A9B}.Debug-Tools|Win32.ActiveCfg = Release|Win32
		{35DF7EFC-3789-4131-9242-58584C0F6A9B}.Debug-Tools|Win32.Build.0 = Release|Win32
		{35DF7EFC-3789-4131-9242-58584C0F6A9B}.Debug-Tools|WINCESDK_600 (ARMV4I).ActiveCfg = Release|Win32
		{35DF7EFC-3789-4131-9242-58584C0F6A9B}.Debug-Win32Gui|Win32.ActiveCfg = Release|Win32
		{35DF7EFC-3789-4131-9242-58584C0F6A9B}.Debug-Win32Gui|Win32.Build.0 = Release|Win32
		{35DF7EFC-3789-4131-9242-58584C0F6A9B}.Debug-Win32Gui|WINCESDK_600 (ARMV4I).ActiveCfg = Release|Win32
		{35DF7EFC-3789-4131-9242-58584C0F6A9B}.Release|Win32.ActiveCfg = Release|Win32
		{35DF7EFC-3789-4131-9242-58584C0F6A9B}.Release|Win32.Build.0 = Release|Win32
		{35DF7EFC-3789-4131-9242-58584C0F6A9B}.Release|WINCESDK_600 (ARMV4I).ActiveCfg = Release|Win32
		{35DF7EFC-3789-4131-9242-58584C0F6A9B}.Release-Tests|Win32.ActiveCfg = Release|Win32
		{35DF7EFC-3789-4131-9242-58584C0F6A9B}.Release-Tests|Win32.Build.0 = Release|Win32
		{35DF7EFC-3789-4131-9242-58584C0F6A9B}.Release-Tests|WINCESDK_600 (ARMV4I).ActiveCfg = Release|Win32
		{35DF7EFC-3789-4131-9242-58584C0F6A9B}.Release-Tools|Win32.ActiveCfg = Release|Win32
		{35DF7EFC-3789-4131-9242-58584C0F6A9B}.Release-Tools|Win32.Build.0 = Release|Win32
		{35DF7EFC-3789-4131-9242-58584C0F6A9B}.Release-Tools|WINCESDK_600 (ARMV4I).ActiveCfg = Release|Win32
		{48C1C762-90EE-4DD3-9909-4D107183D90F}.Debug|Win32.ActiveCfg = Release|Win32
		{48C1C762-90EE-4DD3-9909-4D107183D90F}.Debug|Win32.Build.0 = Release|Win32
		{48C1C762-90EE-4DD3-9909-4D107183D90F}.Debug|WINCESDK_600 (ARMV4I).ActiveCfg = Release|Win32
		{48C1C762-90EE-4DD3-9909-4D107183D90F}.Debug-Tests|Win32.ActiveCfg = Release|Win32
		{48C1C762-90EE-4DD3-9909-4D107183D90F}.Debug-Tests|Win32.Build.0 = Release|Win32
		{48C1C762-90EE-4DD3-9909-4D107183D90F}.Debug-Tests|WINCESDK_600 (ARMV4I).ActiveCfg = Release|Win32
		{48C1C762-90EE-4DD3-9909-4D107183D90F}.Debug-Tools|Win32.ActiveCfg = Release|Win32
		{48C1C762-90EE-4DD3-9909-4D107183D90F}.Debug-Tools|Win32.Build.0 = Release|Win32
		{48C1C762-90EE-4DD3-9909-4D107183D90F}.Debug-Tools|WINCESDK_600 (ARMV4I).ActiveCfg = Release|Win32
		{48C1C762-90EE-4DD3-9909-4D107183D90F}.Debug-Win32Gui|Win32.ActiveCfg = Release|Win32
		{48C1C762-90EE-4DD3-9909-4D107183D90F}.Debug-Win32Gui|Win32.Build.0 = Release|Win32
		{48C1C762-90EE-4DD3-9909-4D107183D90F}.Debug-Win32Gui|WINCESDK_600 (ARMV4I).ActiveCfg = Release|Win32
		{48C1C762-90EE-4DD3-9909-4D107183D90F}.Release|Win32.ActiveCfg = Release|Win32
		{48C1C762-90EE-4DD3-9909-4D107183D90F}.Release|Win32.Build.0 = Release|Win32
		{48C1C762-90EE-4DD3-9909-4D107183D90F}.Release|WINCESDK_600 (ARMV4I).ActiveCfg = Release|Win32
		{48C1C762-90EE-4DD3-9909-4D107183D90F}.Release-Tests|Win32.ActiveCfg = Release|Win32
		{48C1C762-90EE-4DD3-9909-4D107183D90F}.Release-Tests|Win32.Build.0 = Release|Win32
		{48C1C762-90EE-4DD3-9909-4D107183D90F}.Release-Tests|WINCESDK_600 (ARMV4I).ActiveCfg = Release|Win32
		{48C1C762-90EE-4DD3-9909-4D107183D90F}.Release-Tools|Win32.ActiveCfg = Release|Win32
		{48C1C762-90EE-4DD3-9909-4D107183D90F}.Release-Tools|Win32.Build.0 = Release|Win32
		{48C1C762-90EE-4DD3-9909-4D107183D90F}.Release-Tools|WINCESDK_600 (ARMV4I).ActiveCfg = Release|Win32
		{4E265089-FF11-4B4E-B0DA-7BFDEE750F93}.Debug|Win32.ActiveCfg = Debug-Tests|Win32
		{4E265089-FF11-4B4E-B0DA-7BFDEE750F93}.Debug|WINCESDK_600 (ARMV4I).ActiveCfg = Debug-Tests|Win32
		{4E265089-FF11-4B4E-B0DA-7BFDEE750F93}.Debug-Tests|Win32.ActiveCfg = Debug-Tests|Win32
		{4E265089-FF11-4B4E-B0DA-7BFDEE750F93}.Debug-Tests|Win32.Build.0 = Debug-Tests|Win32
		{4E265089-FF11-4B4E-B0DA-7BFDEE750F93}.Debug-Tests|WINCESDK_600 (ARMV4I).ActiveCfg = Debug-Tests|Win32
		{4E265089-FF11-4B4E-B0DA-7BFDEE750F93}.Debug-Tools|Win32.ActiveCfg = Debug-Tests|Win32
		{4E265089-FF11-4B4E-B0DA-7BFDEE750F93}.Debug-Tools|WINCESDK_600 (ARMV4I).ActiveCfg = Debug-Tests|Win32
		{4E265089-FF11-4B4E-B0DA-7BFDEE750F93}.Debug-Win32Gui|Win32.ActiveCfg = Debug-Tests|Win32
		{4E265089-FF11-4B4E-B0DA-7BFDEE750F93}.Debug-Win32Gui|WINCESDK_600 (ARMV4I).ActiveCfg = Debug-Tests|Win32
		{4E265089-FF11-4B4E-B0DA-7BFDEE750F93}.Release|Win32.ActiveCfg = Release-Tests|Win32
		{4E265089-FF11-4B4E-B0DA-7BFDEE750F93}.Release|WINCESDK_600 (ARMV4I).ActiveCfg = Release-Tests|Win32
		{4E265089-FF11-4B4E-B0DA-7BFDEE750F93}.Release-Tests|Win32.ActiveCfg = Release-Tests|Win32
		{4E265089-FF11-4B4E-B0DA-7BFDEE750F93}.Release-Tests|Win32.Build.0 = Release-Tests|Win32
		{4E265089-FF11-4B4E-B0DA-7BFDEE750F93}.Release-Tests|WINCESDK_600 (ARMV4I).ActiveCfg = Release-Tests|Win32
		{4E265089-FF11-4B4E-B0DA-7BFDEE750F93}.Release-Tools|Win32.ActiveCfg = Debug-Tests|Win32
		{4E265089-FF11-4B4E-B0DA-7BFDEE750F93}.Release-Tools|WINCESDK_600 (ARMV4I).ActiveCfg = Debug-Tests|Win32
		{F4B0B7E4-A405-4EB1-A74F-765181FE3BE0}.Debug|Win32.ActiveCfg = Debug|Win32
		{F4B0B7E4-A405-4EB1-A74F-765181FE3BE0}.Debug|WINCESDK_600 (ARMV4I).ActiveCfg = Debug|Win32
		{F4B0B7E4-A405-4EB1-A74F-765181FE3BE0}.Debug-Tests|Win32.ActiveCfg = Debug|Win32
		{F4B0B7E4-A405-4EB1-A74F-765181FE3BE0}.Debug-Tests|WINCESDK_600 (ARMV4I).ActiveCfg = Debug|Win32
		{F4B0B7E4-A405-4EB1-A74F-765181FE3BE0}.Debug-Tools|Win32.ActiveCfg = Debug|Win32
		{F4B0B7E4-A405-4EB1-A74F-765181FE3BE0}.Debug-Tools|Win32.Build.0 = Debug|Win32
		{F4B0B7E4-A405-4EB1-A74F-765181FE3BE0}.Debug-Tools|WINCESDK_600 (ARMV4I).ActiveCfg = Debug|Win32
		{F4B0B7E4-A405-4EB1-A74F-765181FE3BE0}.Debug-Win32Gui|Win32.ActiveCfg = Debug|Win32
		{F4B0B7E4-A405-4EB1-A74F-765181FE3BE0}.Debug-Win32Gui|WINCESDK_600 (ARMV4I).ActiveCfg = Debug|Win32
		{F4B0B7E4-A405-4EB1-A74F-765181FE3BE0}.Release|Win32.ActiveCfg = Release|Win32
		{F4B0B7E4-A405-4EB1-A74F-765181FE3BE0}.Release|WINCESDK_600 (ARMV4I).ActiveCfg = Release|Win32
		{F4B0B7E4-A405-4EB1-A74F-765181FE3BE0}.Release-Tests|Win32.ActiveCfg = Release|Win32
		{F4B0B7E4-A405-4EB1-A74F-765181FE3BE0}.Release-Tests|WINCESDK_600 (ARMV4I).ActiveCfg = Release|Win32
		{F4B0B7E4-A405-4EB1-A74F-765181FE3BE0}.Release-Tools|Win32.ActiveCfg = Release|Win32
		{F4B0B7E4-A405-4EB1-A74F-765181FE3BE0}.Release-Tools|Win32.Build.0 = Release|Win32
		{F4B0B7E4-A405-4EB1-A74F-765181FE3BE0}.Release-Tools|WINCESDK_600 (ARMV4I).ActiveCfg = Debug|Win32
		{F4B0B7E4-A405-4EB1-A74F-765181FE3BE4}.Debug|Win32.ActiveCfg = Debug|Win32
		{F4B0B7E4-A405-4EB1-A74F-765181FE3BE4}.Debug|WINCESDK_600 (ARMV4I).ActiveCfg = Debug|Win32
		{F4B0B7E4-A405-4EB1-A74F-765181FE3BE4}.Debug-Tests|Win32.ActiveCfg = Debug|Win32
		{F4B0B7E4-A405-4EB1-A74F-765181FE3BE4}.Debug-Tests|WINCESDK_600 (ARMV4I).ActiveCfg = Debug|Win32
		{F4B0B7E4-A405-4EB1-A74F-765181FE3BE4}.Debug-Tools|Win32.ActiveCfg = Debug|Win32
		{F4B0B7E4-A405-4EB1-A74F-765181FE3BE4}.Debug-Tools|Win32.Build.0 = Debug|Win32
		{F4B0B7E4-A405-4EB1-A74F-765181FE3BE4}.Debug-Tools|WINCESDK_600 (ARMV4I).ActiveCfg = Debug|Win32
		{F4B0B7E4-A405-4EB1-A74F-765181FE3BE4}.Debug-Win32Gui|Win32.ActiveCfg = Debug|Win32
		{F4B0B7E4-A405-4EB1-A74F-765181FE3BE4}.Debug-Win32Gui|WINCESDK_600 (ARMV4I).ActiveCfg = Debug|Win32
		{F4B0B7E4-A405-4EB1-A74F-765181FE3BE4}.Release|Win32.ActiveCfg = Release|Win32
		{F4B0B7E4-A405-4EB1-A74F-765181FE3BE4}.Release|WINCESDK_600 (ARMV4I).ActiveCfg = Release|Win32
		{F4B0B7E4-A405-4EB1-A74F-765181FE3BE4}.Release-Tests|Win32.ActiveCfg = Release|Win32
		{F4B0B7E4-A405-4EB1-A74F-765181FE3BE4}.Release-Tests|WINCESDK_600 (ARMV4I).ActiveCfg = Release|Win32
		{F4B0B7E4-A405-4EB1-A74F-765181FE3BE4}.Release-Tools|Win32.ActiveCfg = Release|Win32
		{F4B0B7E4-A405-4EB1-A74F-765181FE3BE4}.Release-Tools|Win32.Build.0 = Release|Win32
		{F4B0B7E4-A405-4EB1-A74F-765181FE3BE4}.Release-Tools|WINCESDK_600 (ARMV4I).ActiveCfg = Debug|Win32
		{F4B0B7E4-A405-4EB1-A74F-765181FE3BE2}.Debug|Win32.ActiveCfg = Debug|Win32
		{F4B0B7E4-A405-4EB1-A74F-765181FE3BE2}.Debug|WINCESDK_600 (ARMV4I).ActiveCfg = Debug|Win32
		{F4B0B7E4-A405-4EB1-A74F-765181FE3BE2}.Debug-Tests|Win32.ActiveCfg = Debug|Win32
		{F4B0B7E4-A405-4EB1-A74F-765181FE3BE2}.Debug-Tests|WINCESDK_600 (ARMV4I).ActiveCfg = Debug|Win32
		{F4B0B7E4-A405-4EB1-A74F-765181FE3BE2}.Debug-Tools|Win32.ActiveCfg = Debug|Win32
		{F4B0B7E4-A405-4EB1-A74F-765181FE3BE2}.Debug-Tools|Win32.Build.0 = Debug|Win32
		{F4B0B7E4-A405-4EB1-A74F-765181FE3BE2}.Debug-Tools|WINCESDK_600 (ARMV4I).ActiveCfg = Debug|Win32
		{F4B0B7E4-A405-4EB1-A74F-765181FE3BE2}.Debug-Win32Gui|Win32.ActiveCfg = Debug|Win32
		{F4B0B7E4-A405-4EB1-A74F-765181FE3BE2}.Debug-Win32Gui|WINCESDK_600 (ARMV4I).ActiveCfg = Debug|Win32
		{F4B0B7E4-A405-4EB1-A74F-765181FE3BE2}.Release|Win32.ActiveCfg = Release|Win32
		{F4B0B7E4-A405-4EB1-A74F-765181FE3BE2}.Release|WINCESDK_600 (ARMV4I).ActiveCfg = Release|Win32
		{F4B0B7E4-A405-4EB1-A74F-765181FE3BE2}.Release-Tests|Win32.ActiveCfg = Release|Win32
		{F4B0B7E4-A405-4EB1-A74F-765181FE3BE2}.Release-Tests|WINCESDK_600 (ARMV4I).ActiveCfg = Release|Win32
		{F4B0B7E4-A405-4EB1-A74F-765181FE3BE2}.Release-Tools|Win32.ActiveCfg = Release|Win32
		{F4B0B7E4-A405-4EB1-A74F-765181FE3BE2}.Release-Tools|Win32.Build.0 = Release|Win32
		{F4B0B7E4-A405-4EB1-A74F-765181FE3BE2}.Release-Tools|WINCESDK_600 (ARMV4I).ActiveCfg = Debug|Win32
		{F4B0B7E4-A405-4EB1-A74F-765181FE3BE7}.Debug|Win32.ActiveCfg = Debug|Win32
		{F4B0B7E4-A405-4EB1-A74F-765181FE3BE7}.Debug|WINCESDK_600 (ARMV4I).ActiveCfg = Debug|Win32
		{F4B0B7E4-A405-4EB1-A74F-765181FE3BE7}.Debug-Tests|Win32.ActiveCfg = Debug|Win32
		{F4B0B7E4-A405-4EB1-A74F-765181FE3BE7}.Debug-Tests|WINCESDK_600 (ARMV4I).ActiveCfg = Debug|Win32
		{F4B0B7E4-A405-4EB1-A74F-765181FE3BE7}.Debug-Tools|Win32.ActiveCfg = Debug|Win32
		{F4B0B7E4-A405-4EB1-A74F-765181FE3BE7}.Debug-Tools|Win32.Build.0 = Debug|Win32
		{F4B0B7E4-A405-4EB1-A74F-765181FE3BE7}.Debug-Tools|WINCESDK_600 (ARMV4I).ActiveCfg = Debug|Win32
		{F4B0B7E4-A405-4EB1-A74F-765181FE3BE7}.Debug-Win32Gui|Win32.ActiveCfg = Debug|Win32
		{F4B0B7E4-A405-4EB1-A74F-765181FE3BE7}.Debug-Win32Gui|WINCESDK_600 (ARMV4I).ActiveCfg = Debug|Win32
		{F4B0B7E4-A405-4EB1-A74F-765181FE3BE7}.Release|Win32.ActiveCfg = Release|Win32
		{F4B0B7E4-A405-4EB1-A74F-765181FE3BE7}.Release|WINCESDK_600 (ARMV4I).ActiveCfg = Release|Win32
		{F4B0B7E4-A405-4EB1-A74F-765181FE3BE7}.Release-Tests|Win32.ActiveCfg = Release|Win32
		{F4B0B7E4-A405-4EB1-A74F-765181FE3BE7}.Release-Tests|WINCESDK_600 (ARMV4I).ActiveCfg = Release|Win32
		{F4B0B7E4-A405-4EB1-A74F-765181FE3BE7}.Release-Tools|Win32.ActiveCfg = Release|Win32
		{F4B0B7E4-A405-4EB1-A74F-765181FE3BE7}.Release-Tools|Win32.Build.0 = Release|Win32
		{F4B0B7E4-A405-4EB1-A74F-765181FE3BE7}.Release-Tools|WINCESDK_600 (ARMV4I).ActiveCfg = Debug|Win32
		{F4B0B7E4-A405-4EB1-A74F-765181FE3BE5}.Debug|Win32.ActiveCfg = Debug|Win32
		{F4B0B7E4-A405-4EB1-A74F-765181FE3BE5}.Debug|WINCESDK_600 (ARMV4I).ActiveCfg = Debug|Win32
		{F4B0B7E4-A405-4EB1-A74F-765181FE3BE5}.Debug-Tests|Win32.ActiveCfg = Debug|Win32
		{F4B0B7E4-A405-4EB1-A74F-765181FE3BE5}.Debug-Tests|WINCESDK_600 (ARMV4I).ActiveCfg = Debug|Win32
		{F4B0B7E4-A405-4EB1-A74F-765181FE3BE5}.Debug-Tools|Win32.ActiveCfg = Debug|Win32
		{F4B0B7E4-A405-4EB1-A74F-765181FE3BE5}.Debug-Tools|Win32.Build.0 = Debug|Win32
		{F4B0B7E4-A405-4EB1-A74F-765181FE3BE5}.Debug-Tools|WINCESDK_600 (ARMV4I).ActiveCfg = Debug|Win32
		{F4B0B7E4-A405-4EB1-A74F-765181FE3BE5}.Debug-Win32Gui|Win32.ActiveCfg = Debug|Win32
		{F4B0B7E4-A405-4EB1-A74F-765181FE3BE5}.Debug-Win32Gui|WINCESDK_600 (ARMV4I).ActiveCfg = Debug|Win32
		{F4B0B7E4-A405-4EB1-A74F-765181FE3BE5}.Release|Win32.ActiveCfg = Release|Win32
		{F4B0B7E4-A405-4EB1-A74F-765181FE3BE5}.Release|WINCESDK_600 (ARMV4I).ActiveCfg = Release|Win32
		{F4B0B7E4-A405-4EB1-A74F-765181FE3BE5}.Release-Tests|Win32.ActiveCfg = Release|Win32
		{F4B0B7E4-A405-4EB1-A74F-765181FE3BE5}.Release-Tests|WINCESDK_600 (ARMV4I).ActiveCfg = Release|Win32
		{F4B0B7E4-A405-4EB1-A74F-765181FE3BE5}.Release-Tools|Win32.ActiveCfg = Release|Win32
		{F4B0B7E4-A405-4EB1-A74F-765181FE3BE5}.Release-Tools|Win32.Build.0 = Release|Win32
		{F4B0B7E4-A405-4EB1-A74F-765181FE3BE5}.Release-Tools|WINCESDK_600 (ARMV4I).ActiveCfg = Debug|Win32
		{F4B0B7E4-A405-4EB1-A74F-765181FE3BE9}.Debug|Win32.ActiveCfg = Debug|Win32
		{F4B0B7E4-A405-4EB1-A74F-765181FE3BE9}.Debug|WINCESDK_600 (ARMV4I).ActiveCfg = Debug|Win32
		{F4B0B7E4-A405-4EB1-A74F-765181FE3BE9}.Debug-Tests|Win32.ActiveCfg = Debug|Win32
		{F4B0B7E4-A405-4EB1-A74F-765181FE3BE9}.Debug-Tests|WINCESDK_600 (ARMV4I).ActiveCfg = Debug|Win32
		{F4B0B7E4-A405-4EB1-A74F-765181FE3BE9}.Debug-Tools|Win32.ActiveCfg = Debug|Win32
		{F4B0B7E4-A405-4EB1-A74F-765181FE3BE9}.Debug-Tools|Win32.Build.0 = Debug|Win32
		{F4B0B7E4-A405-4EB1-A74F-765181FE3BE9}.Debug-Tools|WINCESDK_600 (ARMV4I).ActiveCfg = Debug|Win32
		{F4B0B7E4-A405-4EB1-A74F-765181FE3BE9}.Debug-Win32Gui|Win32.ActiveCfg = Debug|Win32
		{F4B0B7E4-A405-4EB1-A74F-765181FE3BE9}.Debug-Win32Gui|WINCESDK_600 (ARMV4I).ActiveCfg = Debug|Win32
		{F4B0B7E4-A405-4EB1-A74F-765181FE3BE9}.Release|Win32.ActiveCfg = Release|Win32
		{F4B0B7E4-A405-4EB1-A74F-765181FE3BE9}.Release|WINCESDK_600 (ARMV4I).ActiveCfg = Release|Win32
		{F4B0B7E4-A405-4EB1-A74F-765181FE3BE9}.Release-Tests|Win32.ActiveCfg = Release|Win32
		{F4B0B7E4-A405-4EB1-A74F-765181FE3BE9}.Release-Tests|WINCESDK_600 (ARMV4I).ActiveCfg = Release|Win32
		{F4B0B7E4-A405-4EB1-A74F-765181FE3BE9}.Release-Tools|Win32.ActiveCfg = Release|Win32
		{F4B0B7E4-A405-4EB1-A74F-765181FE3BE9}.Release-Tools|Win32.Build.0 = Release|Win32
		{F4B0B7E4-A405-4EB1-A74F-765181FE3BE9}.Release-Tools|WINCESDK_600 (ARMV4I).ActiveCfg = Debug|Win32
		{F4B0B7E4-A405-4EB1-A74F-765181FE3BE6}.Debug|Win32.ActiveCfg = Debug|Win32
		{F4B0B7E4-A405-4EB1-A74F-765181FE3BE6}.Debug|WINCESDK_600 (ARMV4I).ActiveCfg = Debug|Win32
		{F4B0B7E4-A405-4EB1-A74F-765181FE3BE6}.Debug-Tests|Win32.ActiveCfg = Debug|Win32
		{F4B0B7E4-A405-4EB1-A74F-765181FE3BE6}.Debug-Tests|WINCESDK_600 (ARMV4I).ActiveCfg = Debug|Win32
		{F4B0B7E4-A405-4EB1-A74F-765181FE3BE6}.Debug-Tools|Win32.ActiveCfg = Debug|Win32
		{F4B0B7E4-A405-4EB1-A74F-765181FE3BE6}.Debug-Tools|Win32.Build.0 = Debug|Win32
		{F4B0B7E4-A405-4EB1-A74F-765181FE3BE6}.Debug-Tools|WINCESDK_600 (ARMV4I).ActiveCfg = Debug|Win32
		{F4B0B7E4-A405-4EB1-A74F-765181FE3BE6}.Debug-Win32Gui|Win32.ActiveCfg = Debug|Win32
		{F4B0B7E4-A405-4EB1-A74F-765181FE3BE6}.Debug-Win32Gui|WINCESDK_600 (ARMV4I).ActiveCfg = Debug|Win32
		{F4B0B7E4-A405-4EB1-A74F-765181FE3BE6}.Release|Win32.ActiveCfg = Release|Win32
		{F4B0B7E4-A405-4EB1-A74F-765181FE3BE6}.Release|WINCESDK_600 (ARMV4I).ActiveCfg = Release|Win32
		{F4B0B7E4-A405-4EB1-A74F-765181FE3BE6}.Release-Tests|Win32.ActiveCfg = Release|Win32
		{F4B0B7E4-A405-4EB1-A74F-765181FE3BE6}.Release-Tests|WINCESDK_600 (ARMV4I).ActiveCfg = Release|Win32
		{F4B0B7E4-A405-4EB1-A74F-765181FE3BE6}.Release-Tools|Win32.ActiveCfg = Release|Win32
		{F4B0B7E4-A405-4EB1-A74F-765181FE3BE6}.Release-Tools|Win32.Build.0 = Release|Win32
		{F4B0B7E4-A405-4EB1-A74F-765181FE3BE6}.Release-Tools|WINCESDK_600 (ARMV4I).ActiveCfg = Debug|Win32
		{F4B0B7E4-A405-4EB1-A74F-765181FE3BE1}.Debug|Win32.ActiveCfg = Debug|Win32
		{F4B0B7E4-A405-4EB1-A74F-765181FE3BE1}.Debug|WINCESDK_600 (ARMV4I).ActiveCfg = Debug|Win32
		{F4B0B7E4-A405-4EB1-A74F-765181FE3BE1}.Debug-Tests|Win32.ActiveCfg = Debug|Win32
		{F4B0B7E4-A405-4EB1-A74F-765181FE3BE1}.Debug-Tests|WINCESDK_600 (ARMV4I).ActiveCfg = Debug|Win32
		{F4B0B7E4-A405-4EB1-A74F-765181FE3BE1}.Debug-Tools|Win32.ActiveCfg = Debug|Win32
		{F4B0B7E4-A405-4EB1-A74F-765181FE3BE1}.Debug-Tools|Win32.Build.0 = Debug|Win32
		{F4B0B7E4-A405-4EB1-A74F-765181FE3BE1}.Debug-Tools|WINCESDK_600 (ARMV4I).ActiveCfg = Debug|Win32
		{F4B0B7E4-A405-4EB1-A74F-765181FE3BE1}.Debug-Win32Gui|Win32.ActiveCfg = Debug|Win32
		{F4B0B7E4-A405-4EB1-A74F-765181FE3BE1}.Debug-Win32Gui|WINCESDK_600 (ARMV4I).ActiveCfg = Debug|Win32
		{F4B0B7E4-A405-4EB1-A74F-765181FE3BE1}.Release|Win32.ActiveCfg = Release|Win32
		{F4B0B7E4-A405-4EB1-A74F-765181FE3BE1}.Release|WINCESDK_600 (ARMV4I).ActiveCfg = Release|Win32
		{F4B0B7E4-A405-4EB1-A74F-765181FE3BE1}.Release-Tests|Win32.ActiveCfg = Release|Win32
		{F4B0B7E4-A405-4EB1-A74F-765181FE3BE1}.Release-Tests|WINCESDK_600 (ARMV4I).ActiveCfg = Release|Win32
		{F4B0B7E4-A405-4EB1-A74F-765181FE3BE1}.Release-Tools|Win32.ActiveCfg = Release|Win32
		{F4B0B7E4-A405-4EB1-A74F-765181FE3BE1}.Release-Tools|Win32.Build.0 = Release|Win32
		{F4B0B7E4-A405-4EB1-A74F-765181FE3BE1}.Release-Tools|WINCESDK_600 (ARMV4I).ActiveCfg = Debug|Win32
		{F4B0B7E4-A405-4EB1-A74F-765181FE3BE8}.Debug|Win32.ActiveCfg = Debug|Win32
		{F4B0B7E4-A405-4EB1-A74F-765181FE3BE8}.Debug|WINCESDK_600 (ARMV4I).ActiveCfg = Debug|Win32
		{F4B0B7E4-A405-4EB1-A74F-765181FE3BE8}.Debug-Tests|Win32.ActiveCfg = Debug|Win32
		{F4B0B7E4-A405-4EB1-A74F-765181FE3BE8}.Debug-Tests|WINCESDK_600 (ARMV4I).ActiveCfg = Debug|Win32
		{F4B0B7E4-A405-4EB1-A74F-765181FE3BE8}.Debug-Tools|Win32.ActiveCfg = Debug|Win32
		{F4B0B7E4-A405-4EB1-A74F-765181FE3BE8}.Debug-Tools|Win32.Build.0 = Debug|Win32
		{F4B0B7E4-A405-4EB1-A74F-765181FE3BE8}.Debug-Tools|WINCESDK_600 (ARMV4I).ActiveCfg = Debug|Win32
		{F4B0B7E4-A405-4EB1-A74F-765181FE3BE8}.Debug-Win32Gui|Win32.ActiveCfg = Debug|Win32
		{F4B0B7E4-A405-4EB1-A74F-765181FE3BE8}.Debug-Win32Gui|WINCESDK_600 (ARMV4I).ActiveCfg = Debug|Win32
		{F4B0B7E4-A405-4EB1-A74F-765181FE3BE8}.Release|Win32.ActiveCfg = Release|Win32
		{F4B0B7E4-A405-4EB1-A74F-765181FE3BE8}.Release|WINCESDK_600 (ARMV4I).ActiveCfg = Release|Win32
		{F4B0B7E4-A405-4EB1-A74F-765181FE3BE8}.Release-Tests|Win32.ActiveCfg = Release|Win32
		{F4B0B7E4-A405-4EB1-A74F-765181FE3BE8}.Release-Tests|WINCESDK_600 (ARMV4I).ActiveCfg = Release|Win32
		{F4B0B7E4-A405-4EB1-A74F-765181FE3BE8}.Release-Tools|Win32.ActiveCfg = Release|Win32
		{F4B0B7E4-A405-4EB1-A74F-765181FE3BE8}.Release-Tools|Win32.Build.0 = Release|Win32
		{F4B0B7E4-A405-4EB1-A74F-765181FE3BE8}.Release-Tools|WINCESDK_600 (ARMV4I).ActiveCfg = Debug|Win32
		{F4B0B7E4-A405-4EB1-A74F-765181FE3BE3}.Debug|Win32.ActiveCfg = Debug|Win32
		{F4B0B7E4-A405-4EB1-A74F-765181FE3BE3}.Debug|WINCESDK_600 (ARMV4I).ActiveCfg = Debug|Win32
		{F4B0B7E4-A405-4EB1-A74F-765181FE3BE3}.Debug-Tests|Win32.ActiveCfg = Debug|Win32
		{F4B0B7E4-A405-4EB1-A74F-765181FE3BE3}.Debug-Tests|WINCESDK_600 (ARMV4I).ActiveCfg = Debug|Win32
		{F4B0B7E4-A405-4EB1-A74F-765181FE3BE3}.Debug-Tools|Win32.ActiveCfg = Debug|Win32
		{F4B0B7E4-A405-4EB1-A74F-765181FE3BE3}.Debug-Tools|Win32.Build.0 = Debug|Win32
		{F4B0B7E4-A405-4EB1-A74F-765181FE3BE3}.Debug-Tools|WINCESDK_600 (ARMV4I).ActiveCfg = Debug|Win32
		{F4B0B7E4-A405-4EB1-A74F-765181FE3BE3}.Debug-Win32Gui|Win32.ActiveCfg = Debug|Win32
		{F4B0B7E4-A405-4EB1-A74F-765181FE3BE3}.Debug-Win32Gui|WINCESDK_600 (ARMV4I).ActiveCfg = Debug|Win32
		{F4B0B7E4-A405-4EB1-A74F-765181FE3BE3}.Release|Win32.ActiveCfg = Release|Win32
		{F4B0B7E4-A405-4EB1-A74F-765181FE3BE3}.Release|WINCESDK_600 (ARMV4I).ActiveCfg = Release|Win32
		{F4B0B7E4-A405-4EB1-A74F-765181FE3BE3}.Release-Tests|Win32.ActiveCfg = Release|Win32
		{F4B0B7E4-A405-4EB1-A74F-765181FE3BE3}.Release-Tests|WINCESDK_600 (ARMV4I).ActiveCfg = Release|Win32
		{F4B0B7E4-A405-4EB1-A74F-765181FE3BE3}.Release-Tools|Win32.ActiveCfg = Release|Win32
		{F4B0B7E4-A405-4EB1-A74F-765181FE3BE3}.Release-Tools|Win32.Build.0 = Release|Win32
		{F4B0B7E4-A405-4EB1-A74F-765181FE3BE3}.Release-Tools|WINCESDK_600 (ARMV4I).ActiveCfg = Debug|Win32
		{F4B0B7E4-A405-4EB1-A74F-765181FE3BEA}.Debug|Win32.ActiveCfg = Debug|Win32
		{F4B0B7E4-A405-4EB1-A74F-765181FE3BEA}.Debug|WINCESDK_600 (ARMV4I).ActiveCfg = Debug|Win32
		{F4B0B7E4-A405-4EB1-A74F-765181FE3BEA}.Debug-Tests|Win32.ActiveCfg = Debug|Win32
		{F4B0B7E4-A405-4EB1-A74F-765181FE3BEA}.Debug-Tests|WINCESDK_600 (ARMV4I).ActiveCfg = Debug|Win32
		{F4B0B7E4-A405-4EB1-A74F-765181FE3BEA}.Debug-Tools|Win32.ActiveCfg = Debug|Win32
		{F4B0B7E4-A405-4EB1-A74F-765181FE3BEA}.Debug-Tools|Win32.Build.0 = Debug|Win32
		{F4B0B7E4-A405-4EB1-A74F-765181FE3BEA}.Debug-Tools|WINCESDK_600 (ARMV4I).ActiveCfg = Debug|Win32
		{F4B0B7E4-A405-4EB1-A74F-765181FE3BEA}.Debug-Win32Gui|Win32.ActiveCfg = Debug|Win32
		{F4B0B7E4-A405-4EB1-A74F-765181FE3BEA}.Debug-Win32Gui|WINCESDK_600 (ARMV4I).ActiveCfg = Debug|Win32
		{F4B0B7E4-A405-4EB1-A74F-765181FE3BEA}.Release|Win32.ActiveCfg = Release|Win32
		{F4B0B7E4-A405-4EB1-A74F-765181FE3BEA}.Release|WINCESDK_600 (ARMV4I).ActiveCfg = Release|Win32
		{F4B0B7E4-A405-4EB1-A74F-765181FE3BEA}.Release-Tests|Win32.ActiveCfg = Release|Win32
		{F4B0B7E4-A405-4EB1-A74F-765181FE3BEA}.Release-Tests|WINCESDK_600 (ARMV4I).ActiveCfg = Release|Win32
		{F4B0B7E4-A405-4EB1-A74F-765181FE3BEA}.Release-Tools|Win32.ActiveCfg = Release|Win32
		{F4B0B7E4-A405-4EB1-A74F-765181FE3BEA}.Release-Tools|Win32.Build.0 = Release|Win32
		{F4B0B7E4-A405-4EB1-A74F-765181FE3BEA}.Release-Tools|WINCESDK_600 (ARMV4I).ActiveCfg = Debug|Win32
		{F4B0B7E4-A405-4EB1-A74F-765181FE3BEB}.Debug|Win32.ActiveCfg = Debug|Win32
		{F4B0B7E4-A405-4EB1-A74F-765181FE3BEB}.Debug|WINCESDK_600 (ARMV4I).ActiveCfg = Debug|Win32
		{F4B0B7E4-A405-4EB1-A74F-765181FE3BEB}.Debug-Tests|Win32.ActiveCfg = Debug|Win32
		{F4B0B7E4-A405-4EB1-A74F-765181FE3BEB}.Debug-Tests|WINCESDK_600 (ARMV4I).ActiveCfg = Debug|Win32
		{F4B0B7E4-A405-4EB1-A74F-765181FE3BEB}.Debug-Tools|Win32.ActiveCfg = Debug|Win32
		{F4B0B7E4-A405-4EB1-A74F-765181FE3BEB}.Debug-Tools|Win32.Build.0 = Debug|Win32
		{F4B0B7E4-A405-4EB1-A74F-765181FE3BEB}.Debug-Tools|WINCESDK_600 (ARMV4I).ActiveCfg = Debug|Win32
		{F4B0B7E4-A405-4EB1-A74F-765181FE3BEB}.Debug-Win32Gui|Win32.ActiveCfg = Debug|Win32
		{F4B0B7E4-A405-4EB1-A74F-765181FE3BEB}.Debug-Win32Gui|WINCESDK_600 (ARMV4I).ActiveCfg = Debug|Win32
		{F4B0B7E4-A405-4EB1-A74F-765181FE3BEB}.Release|Win32.ActiveCfg = Release|Win32
		{F4B0B7E4-A405-4EB1-A74F-765181FE3BEB}.Release|WINCESDK_600 (ARMV4I).ActiveCfg = Release|Win32
		{F4B0B7E4-A405-4EB1-A74F-765181FE3BEB}.Release-Tests|Win32.ActiveCfg = Release|Win32
		{F4B0B7E4-A405-4EB1-A74F-765181FE3BEB}.Release-Tests|WINCESDK_600 (ARMV4I).ActiveCfg = Release|Win32
		{F4B0B7E4-A405-4EB1-A74F-765181FE3BEB}.Release-Tools|Win32.ActiveCfg = Release|Win32
		{F4B0B7E4-A405-4EB1-A74F-765181FE3BEB}.Release-Tools|Win32.Build.0 = Release|Win32
		{F4B0B7E4-A405-4EB1-A74F-765181FE3BEB}.Release-Tools|WINCESDK_600 (ARMV4I).ActiveCfg = Debug|Win32
		{36C203E2-1178-496C-A2FC-C120ED9336C9}.Debug|Win32.ActiveCfg = Release|Win32
		{36C203E2-1178-496C-A2FC-C120ED9336C9}.Debug|WINCESDK_600 (ARMV4I).ActiveCfg = Release|Win32
		{36C203E2-1178-496C-A2FC-C120ED9336C9}.Debug-Tests|Win32.ActiveCfg = Release|Win32
		{36C203E2-1178-496C-A2FC-C120ED9336C9}.Debug-Tests|WINCESDK_600 (ARMV4I).ActiveCfg = Release|Win32
		{36C203E2-1178-496C-A2FC-C120ED9336C9}.Debug-Tools|Win32.ActiveCfg = Release|Win32
		{36C203E2-1178-496C-A2FC-C120ED9336C9}.Debug-Tools|Win32.Build.0 = Release|Win32
		{36C203E2-1178-496C-A2FC-C120ED9336C9}.Debug-Tools|WINCESDK_600 (ARMV4I).ActiveCfg = Release|Win32
		{36C203E2-1178-496C-A2FC-C120ED9336C9}.Debug-Win32Gui|Win32.ActiveCfg = Debug-Win32Gui|Win32
		{36C203E2-1178-496C-A2FC-C120ED9336C9}.Debug-Win32Gui|Win32.Build.0 = Debug-Win32Gui|Win32
		{36C203E2-1178-496C-A2FC-C120ED9336C9}.Debug-Win32Gui|WINCESDK_600 (ARMV4I).ActiveCfg = Release|Win32
		{36C203E2-1178-496C-A2FC-C120ED9336C9}.Release|Win32.ActiveCfg = Release|Win32
		{36C203E2-1178-496C-A2FC-C120ED9336C9}.Release|Win32.Build.0 = Release|Win32
		{36C203E2-1178-496C-A2FC-C120ED9336C9}.Release|WINCESDK_600 (ARMV4I).ActiveCfg = Release|Win32
		{36C203E2-1178-496C-A2FC-C120ED9336C9}.Release-Tests|Win32.ActiveCfg = Release|Win32
		{36C203E2-1178-496C-A2FC-C120ED9336C9}.Release-Tests|Win32.Build.0 = Release|Win32
		{36C203E2-1178-496C-A2FC-C120ED9336C9}.Release-Tests|WINCESDK_600 (ARMV4I).ActiveCfg = Release|Win32
		{36C203E2-1178-496C-A2FC-C120ED9336C9}.Release-Tools|Win32.ActiveCfg = Release|Win32
		{36C203E2-1178-496C-A2FC-C120ED9336C9}.Release-Tools|Win32.Build.0 = Release|Win32
		{36C203E2-1178-496C-A2FC-C120ED9336C9}.Release-Tools|WINCESDK_600 (ARMV4I).ActiveCfg = Release|Win32
		{1508D425-024A-4DB1-9B35-5F6268DC1004}.Debug|Win32.ActiveCfg = Debug|Win32
		{1508D425-024A-4DB1-9B35-5F6268DC1004}.Debug|WINCESDK_600 (ARMV4I).ActiveCfg = Debug|Win32
		{1508D425-024A-4DB1-9B35-5F6268DC1004}.Debug-Tests|Win32.ActiveCfg = Debug|Win32
		{1508D425-024A-4DB1-9B35-5F6268DC1004}.Debug-Tests|WINCESDK_600 (ARMV4I).ActiveCfg = Debug|Win32
		{1508D425-024A-4DB1-9B35-5F6268DC1004}.Debug-Tools|Win32.ActiveCfg = Debug|Win32
		{1508D425-024A-4DB1-9B35-5F6268DC1004}.Debug-Tools|WINCESDK_600 (ARMV4I).ActiveCfg = Debug|Win32
		{1508D425-024A-4DB1-9B35-5F6268DC1004}.Debug-Win32Gui|Win32.ActiveCfg = Debug|Win32
		{1508D425-024A-4DB1-9B35-5F6268DC1004}.Debug-Win32Gui|Win32.Build.0 = Debug|Win32
		{1508D425-024A-4DB1-9B35-5F6268DC1004}.Debug-Win32Gui|WINCESDK_600 (ARMV4I).ActiveCfg = Debug|Win32
		{1508D425-024A-4DB1-9B35-5F6268DC1004}.Release|Win32.ActiveCfg = Release|Win32
		{1508D425-024A-4DB1-9B35-5F6268DC1004}.Release|WINCESDK_600 (ARMV4I).ActiveCfg = Release|Win32
		{1508D425-024A-4DB1-9B35-5F6268DC1004}.Release-Tests|Win32.ActiveCfg = Release|Win32
		{1508D425-024A-4DB1-9B35-5F6268DC1004}.Release-Tests|Win32.Build.0 = Release|Win32
		{1508D425-024A-4DB1-9B35-5F6268DC1004}.Release-Tests|WINCESDK_600 (ARMV4I).ActiveCfg = Release|Win32
		{1508D425-024A-4DB1-9B35-5F6268DC1004}.Release-Tools|Win32.ActiveCfg = Debug|Win32
		{1508D425-024A-4DB1-9B35-5F6268DC1004}.Release-Tools|WINCESDK_600 (ARMV4I).ActiveCfg = Debug|Win32
		{088C2B96-D9DB-4160-A491-67CB1F78898C}.Debug|Win32.ActiveCfg = Debug|Win32
		{088C2B96-D9DB-4160-A491-67CB1F78898C}.Debug|WINCESDK_600 (ARMV4I).ActiveCfg = Debug|Win32
		{088C2B96-D9DB-4160-A491-67CB1F78898C}.Debug-Tests|Win32.ActiveCfg = Debug|Win32
		{088C2B96-D9DB-4160-A491-67CB1F78898C}.Debug-Tests|WINCESDK_600 (ARMV4I).ActiveCfg = Debug|Win32
		{088C2B96-D9DB-4160-A491-67CB1F78898C}.Debug-Tools|Win32.ActiveCfg = Debug|Win32
		{088C2B96-D9DB-4160-A491-67CB1F78898C}.Debug-Tools|WINCESDK_600 (ARMV4I).ActiveCfg = Debug|Win32
		{088C2B96-D9DB-4160-A491-67CB1F78898C}.Debug-Win32Gui|Win32.ActiveCfg = Debug|Win32
		{088C2B96-D9DB-4160-A491-67CB1F78898C}.Debug-Win32Gui|WINCESDK_600 (ARMV4I).ActiveCfg = Debug|Win32
		{088C2B96-D9DB-4160-A491-67CB1F78898C}.Release|Win32.ActiveCfg = Release|Win32
		{088C2B96-D9DB-4160-A491-67CB1F78898C}.Release|WINCESDK_600 (ARMV4I).ActiveCfg = Release|Win32
		{088C2B96-D9DB-4160-A491-67CB1F78898C}.Release-Tests|Win32.ActiveCfg = Release|Win32
		{088C2B96-D9DB-4160-A491-67CB1F78898C}.Release-Tests|WINCESDK_600 (ARMV4I).ActiveCfg = Release|Win32
		{088C2B96-D9DB-4160-A491-67CB1F78898C}.Release-Tools|Win32.ActiveCfg = Debug|Win32
		{088C2B96-D9DB-4160-A491-67CB1F78898C}.Release-Tools|WINCESDK_600 (ARMV4I).ActiveCfg = Debug|Win32
		{F4B0B7E4-A405-4EB1-A74F-765181FE3BEC}.Debug|Win32.ActiveCfg = Debug|Win32
		{F4B0B7E4-A405-4EB1-A74F-765181FE3BEC}.Debug|Win32.Build.0 = Debug|Win32
		{F4B0B7E4-A405-4EB1-A74F-765181FE3BEC}.Debug|WINCESDK_600 (ARMV4I).ActiveCfg = Debug|Win32
		{F4B0B7E4-A405-4EB1-A74F-765181FE3BEC}.Debug-Tests|Win32.ActiveCfg = Debug|Win32
		{F4B0B7E4-A405-4EB1-A74F-765181FE3BEC}.Debug-Tests|WINCESDK_600 (ARMV4I).ActiveCfg = Debug|Win32
		{F4B0B7E4-A405-4EB1-A74F-765181FE3BEC}.Debug-Tools|Win32.ActiveCfg = Debug|Win32
		{F4B0B7E4-A405-4EB1-A74F-765181FE3BEC}.Debug-Tools|Win32.Build.0 = Debug|Win32
		{F4B0B7E4-A405-4EB1-A74F-765181FE3BEC}.Debug-Tools|WINCESDK_600 (ARMV4I).ActiveCfg = Debug|Win32
		{F4B0B7E4-A405-4EB1-A74F-765181FE3BEC}.Debug-Win32Gui|Win32.ActiveCfg = Debug|Win32
		{F4B0B7E4-A405-4EB1-A74F-765181FE3BEC}.Debug-Win32Gui|WINCESDK_600 (ARMV4I).ActiveCfg = Debug|Win32
		{F4B0B7E4-A405-4EB1-A74F-765181FE3BEC}.Release|Win32.ActiveCfg = Release|Win32
		{F4B0B7E4-A405-4EB1-A74F-765181FE3BEC}.Release|Win32.Build.0 = Release|Win32
		{F4B0B7E4-A405-4EB1-A74F-765181FE3BEC}.Release|WINCESDK_600 (ARMV4I).ActiveCfg = Release|Win32
		{F4B0B7E4-A405-4EB1-A74F-765181FE3BEC}.Release-Tests|Win32.ActiveCfg = Release|Win32
		{F4B0B7E4-A405-4EB1-A74F-765181FE3BEC}.Release-Tests|Win32.Build.0 = Release|Win32
		{F4B0B7E4-A405-4EB1-A74F-765181FE3BEC}.Release-Tests|WINCESDK_600 (ARMV4I).ActiveCfg = Release|Win32
		{F4B0B7E4-A405-4EB1-A74F-765181FE3BEC}.Release-Tools|Win32.ActiveCfg = Release|Win32
		{F4B0B7E4-A405-4EB1-A74F-765181FE3BEC}.Release-Tools|Win32.Build.0 = Release|Win32
		{F4B0B7E4-A405-4EB1-A74F-765181FE3BEC}.Release-Tools|WINCESDK_600 (ARMV4I).ActiveCfg = Debug|Win32
		{F4B0B7E4-A405-4EB1-A74F-765181FE3BED}.Debug|Win32.ActiveCfg = Debug|Win32
		{F4B0B7E4-A405-4EB1-A74F-765181FE3BED}.Debug|Win32.Build.0 = Debug|Win32
		{F4B0B7E4-A405-4EB1-A74F-765181FE3BED}.Debug|WINCESDK_600 (ARMV4I).ActiveCfg = Debug|Win32
		{F4B0B7E4-A405-4EB1-A74F-765181FE3BED}.Debug-Tests|Win32.ActiveCfg = Debug|Win32
		{F4B0B7E4-A405-4EB1-A74F-765181FE3BED}.Debug-Tests|Win32.Build.0 = Debug|Win32
		{F4B0B7E4-A405-4EB1-A74F-765181FE3BED}.Debug-Tests|WINCESDK_600 (ARMV4I).ActiveCfg = Debug|Win32
		{F4B0B7E4-A405-4EB1-A74F-765181FE3BED}.Debug-Tools|Win32.ActiveCfg = Debug|Win32
		{F4B0B7E4-A405-4EB1-A74F-765181FE3BED}.Debug-Tools|Win32.Build.0 = Debug|Win32
		{F4B0B7E4-A405-4EB1-A74F-765181FE3BED}.Debug-Tools|WINCESDK_600 (ARMV4I).ActiveCfg = Debug|Win32
		{F4B0B7E4-A405-4EB1-A74F-765181FE3BED}.Debug-Win32Gui|Win32.ActiveCfg = Debug|Win32
		{F4B0B7E4-A405-4EB1-A74F-765181FE3BED}.Debug-Win32Gui|WINCESDK_600 (ARMV4I).ActiveCfg = Debug|Win32
		{F4B0B7E4-A405-4EB1-A74F-765181FE3BED}.Release|Win32.ActiveCfg = Release|Win32
		{F4B0B7E4-A405-4EB1-A74F-765181FE3BED}.Release|Win32.Build.0 = Release|Win32
		{F4B0B7E4-A405-4EB1-A74F-765181FE3BED}.Release|WINCESDK_600 (ARMV4I).ActiveCfg = Release|Win32
		{F4B0B7E4-A405-4EB1-A74F-765181FE3BED}.Release-Tests|Win32.ActiveCfg = Release|Win32
		{F4B0B7E4-A405-4EB1-A74F-765181FE3BED}.Release-Tests|Win32.Build.0 = Release|Win32
		{F4B0B7E4-A405-4EB1-A74F-765181FE3BED}.Release-Tests|WINCESDK_600 (ARMV4I).ActiveCfg = Release|Win32
		{F4B0B7E4-A405-4EB1-A74F-765181FE3BED}.Release-Tools|Win32.ActiveCfg = Release|Win32
		{F4B0B7E4-A405-4EB1-A74F-765181FE3BED}.Release-Tools|Win32.Build.0 = Release|Win32
		{F4B0B7E4-A405-4EB1-A74F-765181FE3BED}.Release-Tools|WINCESDK_600 (ARMV4I).ActiveCfg = Debug|Win32
		{F4B0B7E4-A405-4EB1-A74F-765181FE3BEE}.Debug|Win32.ActiveCfg = Debug|Win32
		{F4B0B7E4-A405-4EB1-A74F-765181FE3BEE}.Debug|Win32.Build.0 = Debug|Win32
		{F4B0B7E4-A405-4EB1-A74F-765181FE3BEE}.Debug|WINCESDK_600 (ARMV4I).ActiveCfg = Debug|Win32
		{F4B0B7E4-A405-4EB1-A74F-765181FE3BEE}.Debug-Tests|Win32.ActiveCfg = Debug|Win32
		{F4B0B7E4-A405-4EB1-A74F-765181FE3BEE}.Debug-Tests|Win32.Build.0 = Debug|Win32
		{F4B0B7E4-A405-4EB1-A74F-765181FE3BEE}.Debug-Tests|WINCESDK_600 (ARMV4I).ActiveCfg = Debug|Win32
		{F4B0B7E4-A405-4EB1-A74F-765181FE3BEE}.Debug-Tools|Win32.ActiveCfg = Debug|Win32
		{F4B0B7E4-A405-4EB1-A74F-765181FE3BEE}.Debug-Tools|Win32.Build.0 = Debug|Win32
		{F4B0B7E4-A405-4EB1-A74F-765181FE3BEE}.Debug-Tools|WINCESDK_600 (ARMV4I).ActiveCfg = Debug|Win32
		{F4B0B7E4-A405-4EB1-A74F-765181FE3BEE}.Debug-Win32Gui|Win32.ActiveCfg = Debug|Win32
		{F4B0B7E4-A405-4EB1-A74F-765181FE3BEE}.Debug-Win32Gui|WINCESDK_600 (ARMV4I).ActiveCfg = Debug|Win32
		{F4B0B7E4-A405-4EB1-A74F-765181FE3BEE}.Release|Win32.ActiveCfg = Release|Win32
		{F4B0B7E4-A405-4EB1-A74F-765181FE3BEE}.Release|Win32.Build.0 = Release|Win32
		{F4B0B7E4-A405-4EB1-A74F-765181FE3BEE}.Release|WINCESDK_600 (ARMV4I).ActiveCfg = Release|Win32
		{F4B0B7E4-A405-4EB1-A74F-765181FE3BEE}.Release-Tests|Win32.ActiveCfg = Release|Win32
		{F4B0B7E4-A405-4EB1-A74F-765181FE3BEE}.Release-Tests|Win32.Build.0 = Release|Win32
		{F4B0B7E4-A405-4EB1-A74F-765181FE3BEE}.Release-Tests|WINCESDK_600 (ARMV4I).ActiveCfg = Release|Win32
		{F4B0B7E4-A405-4EB1-A74F-765181FE3BEE}.Release-Tools|Win32.ActiveCfg = Release|Win32
		{F4B0B7E4-A405-4EB1-A74F-765181FE3BEE}.Release-Tools|Win32.Build.0 = Release|Win32
		{F4B0B7E4-A405-4EB1-A74F-765181FE3BEE}.Release-Tools|WINCESDK_600 (ARMV4I).ActiveCfg = Debug|Win32
	EndGlobalSection
	GlobalSection(SolutionProperties) = preSolution
		HideSolutionNode = FALSE
	EndGlobalSection
	GlobalSection(NestedProjects) = preSolution
		{54BD1798-9070-4080-939E-7CFCC7AECE12} = {331982B0-DFD5-4DF0-AD05-A239B9FB4D0F}
		{35DF7EFC-3789-4131-9242-58584C0F6A9B} = {331982B0-DFD5-4DF0-AD05-A239B9FB4D0F}
		{48C1C762-90EE-4DD3-9909-4D107183D90F} = {331982B0-DFD5-4DF0-AD05-A239B9FB4D0F}
		{36C203E2-1178-496C-A2FC-C120ED9336C9} = {331982B0-DFD5-4DF0-AD05-A239B9FB4D0F}
		{4E265089-FF11-4B4E-B0DA-7BFDEE750F93} = {39673133-1663-48C4-B90E-07A1F1C51718}
		{005F915C-B7B1-4448-AC1D-A99336E67078} = {832F94EF-8501-4E61-B7D0-D5C24A46E880}
		{4E265089-FF11-4B4E-B0DA-7BFDEE750F9F} = {832F94EF-8501-4E61-B7D0-D5C24A46E880}
		{D777A696-283C-3830-891F-637C32B0BCEA} = {4A9460F7-22CA-4C22-A086-59FDBCBC3B7A}
		{1508D425-024A-4DB1-9B35-5F6268DC1004} = {4A9460F7-22CA-4C22-A086-59FDBCBC3B7A}
		{F4B0B7E4-A405-4EB1-A74F-765181FE3BE0} = {FDAFCA11-7840-4D0C-BDD5-B079491F0E71}
		{F4B0B7E4-A405-4EB1-A74F-765181FE3BE4} = {FDAFCA11-7840-4D0C-BDD5-B079491F0E71}
		{F4B0B7E4-A405-4EB1-A74F-765181FE3BE2} = {FDAFCA11-7840-4D0C-BDD5-B079491F0E71}
		{F4B0B7E4-A405-4EB1-A74F-765181FE3BE7} = {FDAFCA11-7840-4D0C-BDD5-B079491F0E71}
		{F4B0B7E4-A405-4EB1-A74F-765181FE3BE5} = {FDAFCA11-7840-4D0C-BDD5-B079491F0E71}
		{F4B0B7E4-A405-4EB1-A74F-765181FE3BE9} = {FDAFCA11-7840-4D0C-BDD5-B079491F0E71}
		{F4B0B7E4-A405-4EB1-A74F-765181FE3BE6} = {FDAFCA11-7840-4D0C-BDD5-B079491F0E71}
		{F4B0B7E4-A405-4EB1-A74F-765181FE3BE1} = {FDAFCA11-7840-4D0C-BDD5-B079491F0E71}
		{F4B0B7E4-A405-4EB1-A74F-765181FE3BE8} = {FDAFCA11-7840-4D0C-BDD5-B079491F0E71}
		{F4B0B7E4-A405-4EB1-A74F-765181FE3BE3} = {FDAFCA11-7840-4D0C-BDD5-B079491F0E71}
		{F4B0B7E4-A405-4EB1-A74F-765181FE3BEA} = {FDAFCA11-7840-4D0C-BDD5-B079491F0E71}
		{F4B0B7E4-A405-4EB1-A74F-765181FE3BEB} = {FDAFCA11-7840-4D0C-BDD5-B079491F0E71}
		{F4B0B7E4-A405-4EB1-A74F-765181FE3BEC} = {FDAFCA11-7840-4D0C-BDD5-B079491F0E71}
		{F4B0B7E4-A405-4EB1-A74F-765181FE3BED} = {FDAFCA11-7840-4D0C-BDD5-B079491F0E71}
		{F4B0B7E4-A405-4EB1-A74F-765181FE3BEE} = {FDAFCA11-7840-4D0C-BDD5-B079491F0E71}
		{088C2B96-D9DB-4160-A491-67CB1F78898C} = {B994C464-BAA4-4999-8119-983F4820C43A}
	EndGlobalSection
	GlobalSection(Qt) = preSolution
		Integration = True
	EndGlobalSection
EndGlobal
